PODS:
  - Bolts (1.1.3)
  - Expecta (0.3.1)
  - Facebook-iOS-SDK (3.20.0):
    - Bolts (~> 1.0)
  - Instabug (3.21)
  - MBProgressHUD (0.9)
  - OCHamcrest (3.0.1)
  - OCMockito (1.0.0):
    - OCHamcrest (~> 3.0)
  - Specta (0.3.0.beta1)
  - VK-ios-sdk (1.0.9.1)

DEPENDENCIES:
  - Expecta (~> 0.3.1)
  - Facebook-iOS-SDK
  - Instabug
  - MBProgressHUD
  - OCMockito (~> 1.0.0)
  - Specta (from `https://github.com/specta/specta.git`, tag `v0.3.0.beta1`)
  - VK-ios-sdk

EXTERNAL SOURCES:
  Specta:
    :git: https://github.com/specta/specta.git
    :tag: v0.3.0.beta1

CHECKOUT OPTIONS:
  Specta:
    :git: https://github.com/specta/specta.git
    :tag: v0.3.0.beta1

SPEC CHECKSUMS:
  Bolts: 3db0a875235e0c9042b013af13af0f00f79b102c
  Expecta: 03aabd0a89d8dea843baecb19a7fd7466a69a31d
  Facebook-iOS-SDK: 5854404b4b651f612a8ef79ca06d766858f4cb8e
  Instabug: b6212f318458f753525654353ca6fa16fb0a1494
  MBProgressHUD: 2038dbcf3dce73215abed6001657043d53aa79a8
  OCHamcrest: 207233b7d7a44dadd66aca398947cc7e029c9be5
  OCMockito: 4f98d991d9063383b7f8dc35defa325943d385ad
  Specta: d2158a483ad179e5f8d3a29f75ff4fc0ff6fab16
  VK-ios-sdk: c43be941f36fcf1e7b5dc8628f33753ebfc8da90

COCOAPODS: 0.36.0.beta.1
