// !$*UTF8*$!
{
	archiveVersion = 1;
	classes = {
	};
	objectVersion = 46;
	objects = {

/* Begin PBXBuildFile section */
		0A5AB07E155FE58851BAD666 /* libPods-PartySmash Tests.a in Frameworks */ = {isa = PBXBuildFile; fileRef = 5AFC5C3BB09FB00C22C8A4BE /* libPods-PartySmash Tests.a */; };
		24324068E2C85278B88A1FE9 /* PSParty.m in Sources */ = {isa = PBXBuildFile; fileRef = 24324FD3ECD3B245DAFA9965 /* PSParty.m */; };
		243240BCDD91E436EB295C22 /* PSPriceDescriptionVC.m in Sources */ = {isa = PBXBuildFile; fileRef = 24324DD568E9AAB0D65EBCF9 /* PSPriceDescriptionVC.m */; };
		243240C4769AED9AE57080F8 /* PSEvent.m in Sources */ = {isa = PBXBuildFile; fileRef = 24324770EBFD91808EEAF8AD /* PSEvent.m */; };
		243240E9755ED32169FA8A00 /* PSFriendCell.m in Sources */ = {isa = PBXBuildFile; fileRef = 24324163A73A35154E8E394D /* PSFriendCell.m */; };
		24324126704DBA65FD37429C /* PSNotification.m in Sources */ = {isa = PBXBuildFile; fileRef = 2432428A26A54E683718EDE1 /* PSNotification.m */; };
		2432438A7B3334D04845AC08 /* PSTableUsersVC.m in Sources */ = {isa = PBXBuildFile; fileRef = 2432443D1EC6B453506F9BC3 /* PSTableUsersVC.m */; };
		243243F42809528F58C43CDC /* PSMapInfoView.m in Sources */ = {isa = PBXBuildFile; fileRef = 24324C1FA4B127DE3D1F0EF0 /* PSMapInfoView.m */; };
		2432448C88A414016B66530F /* UIView+PSViewInProgress.m in Sources */ = {isa = PBXBuildFile; fileRef = 24324568DE92771B93C3837E /* UIView+PSViewInProgress.m */; };
		2432453F695C47CFA0E75921 /* PSCreatePartyVC.m in Sources */ = {isa = PBXBuildFile; fileRef = 24324B0B6BBAB230421C1B0E /* PSCreatePartyVC.m */; };
		2432457983878AD4C4C68BD1 /* PSFindPartyVC.m in Sources */ = {isa = PBXBuildFile; fileRef = 243246897E4E8F89797ABE77 /* PSFindPartyVC.m */; };
		243246466577E3E4CF57A6D5 /* PSImageView.m in Sources */ = {isa = PBXBuildFile; fileRef = 24324F16620A5C1DBA548274 /* PSImageView.m */; };
		243246C765A0A6FCE5B02CDD /* PSUser.m in Sources */ = {isa = PBXBuildFile; fileRef = 243248FB4D0456F2CC508727 /* PSUser.m */; };
		2432473B7490D26A10A5A36C /* GCGeocodingService.m in Sources */ = {isa = PBXBuildFile; fileRef = 24324EA42C8C2739844438E7 /* GCGeocodingService.m */; };
		2432473C5CD32306F3942105 /* main.js in Sources */ = {isa = PBXBuildFile; fileRef = 2432446340CD395773938EBD /* main.js */; };
		243247931F5293B932ACBFF9 /* PSFindPartyMapVC.m in Sources */ = {isa = PBXBuildFile; fileRef = 24324619F51F37500457B88C /* PSFindPartyMapVC.m */; };
		243248348C3629B581C41BB9 /* PSFollowFriendsVC.m in Sources */ = {isa = PBXBuildFile; fileRef = 2432415FE2180B77CF58DBA7 /* PSFollowFriendsVC.m */; };
		2432483C63B996742EDD93A2 /* PSUserCell.m in Sources */ = {isa = PBXBuildFile; fileRef = 2432482F6A02BE10E1E53F25 /* PSUserCell.m */; };
		2432487E223FAB8B471ECB5E /* PSLoginViewController.m in Sources */ = {isa = PBXBuildFile; fileRef = 243242B394B9498EE50794B4 /* PSLoginViewController.m */; };
		2432488841936F16DB5061E0 /* PSProfileVC.m in Sources */ = {isa = PBXBuildFile; fileRef = 24324171D0E88C1DE7A904CF /* PSProfileVC.m */; };
		243248F1A7379C9A1867D1F7 /* SZTextView.m in Sources */ = {isa = PBXBuildFile; fileRef = 24324C4B4164368324E728F2 /* SZTextView.m */; };
		2432496E62210C077E25D31F /* PSUserFeedVC.m in Sources */ = {isa = PBXBuildFile; fileRef = 24324C93934EAA7814113ACE /* PSUserFeedVC.m */; };
		2432497307D0AA84BF0BBF4D /* PSAttributedDrawer.m in Sources */ = {isa = PBXBuildFile; fileRef = 24324B3D2B5493C6FDCF0354 /* PSAttributedDrawer.m */; };
		2432498E623D3541ADC3517B /* PSFuturePartiesVC.m in Sources */ = {isa = PBXBuildFile; fileRef = 243242C329C286D8B6967079 /* PSFuturePartiesVC.m */; };
		243249E037152E61F446C536 /* PSSettingsVC.m in Sources */ = {isa = PBXBuildFile; fileRef = 24324F31BC4B135F22B7A796 /* PSSettingsVC.m */; };
		24324A89F747D373BE532092 /* PSAuthService.m in Sources */ = {isa = PBXBuildFile; fileRef = 243243E82CD054CB59E2D728 /* PSAuthService.m */; };
		24324ABD006A86C2B4369B18 /* PSPartyViewController.m in Sources */ = {isa = PBXBuildFile; fileRef = 24324A6279B208A3493ABC0F /* PSPartyViewController.m */; };
		24324BABD50B1A25F1571AB0 /* PSAppDelegate.m in Sources */ = {isa = PBXBuildFile; fileRef = 24324841AD383ADC95F42B23 /* PSAppDelegate.m */; };
		24324BEFD6F3B23A419657FF /* PSNotificationsVC.m in Sources */ = {isa = PBXBuildFile; fileRef = 24324B29A645A2C3EC3F1520 /* PSNotificationsVC.m */; };
		24324C7EBC86FB2AA4B71796 /* PSMyPartiesVC.m in Sources */ = {isa = PBXBuildFile; fileRef = 24324FEA72F0620166D54DA6 /* PSMyPartiesVC.m */; };
		24324C8AE2219B09F4DF8D6B /* PSNotificationFollowCell.m in Sources */ = {isa = PBXBuildFile; fileRef = 243244B10F96B9F843CB1F8F /* PSNotificationFollowCell.m */; };
		24324D7D2B390EB4C96769AA /* PSSearchUserVC.m in Sources */ = {isa = PBXBuildFile; fileRef = 2432433AC0F401806C7BBF4D /* PSSearchUserVC.m */; };
		24324E432967D1586D58CB4C /* PSQueryTableViewController.m in Sources */ = {isa = PBXBuildFile; fileRef = 2432419B41535450AEDC1176 /* PSQueryTableViewController.m */; };
		24324E577856079326296478 /* PSCreateNewUserController.m in Sources */ = {isa = PBXBuildFile; fileRef = 24324189E738FF391F2809C4 /* PSCreateNewUserController.m */; };
		24324F4804E944F02AC2400E /* PSSelectPlaceVC.m in Sources */ = {isa = PBXBuildFile; fileRef = 243245B82BE321E2550F6CF1 /* PSSelectPlaceVC.m */; };
		24324F882F31FC60398E0581 /* PSGeneralDescriptionVC.m in Sources */ = {isa = PBXBuildFile; fileRef = 24324AD2646099A79170583D /* PSGeneralDescriptionVC.m */; };
		A9C3B49E2DC88510D0B0D79A /* libPods.a in Frameworks */ = {isa = PBXBuildFile; fileRef = 72062ED7C4B10F83A09C8A2E /* libPods.a */; };
		CA041B511A0425EA007598FB /* PSEventCell.m in Sources */ = {isa = PBXBuildFile; fileRef = CA041B501A0425EA007598FB /* PSEventCell.m */; };
		CA041B631A095164007598FB /* PSNotificationCell.m in Sources */ = {isa = PBXBuildFile; fileRef = CA041B621A095164007598FB /* PSNotificationCell.m */; };
		CA076D871A00E70E009D7696 /* event_newparty_tablecell.xib in Resources */ = {isa = PBXBuildFile; fileRef = CA076D861A00E70E009D7696 /* event_newparty_tablecell.xib */; };
		CA076D8A1A00E772009D7696 /* PSEventNewPartyCell.m in Sources */ = {isa = PBXBuildFile; fileRef = CA076D891A00E772009D7696 /* PSEventNewPartyCell.m */; };
		CA076D8F1A02050C009D7696 /* event_friendgoes_tablecell.xib in Resources */ = {isa = PBXBuildFile; fileRef = CA076D8E1A02050C009D7696 /* event_friendgoes_tablecell.xib */; };
		CA1DC8161A21ECFF00ABB129 /* AdSupport.framework in Frameworks */ = {isa = PBXBuildFile; fileRef = CA1DC8151A21ECFF00ABB129 /* AdSupport.framework */; };
		CA1DC8191A22365700ABB129 /* PSPartyListVC.m in Sources */ = {isa = PBXBuildFile; fileRef = CA1DC8181A22365700ABB129 /* PSPartyListVC.m */; };
		CA2143B51976A98800BC8E19 /* Crashlytics.framework in Frameworks */ = {isa = PBXBuildFile; fileRef = CA2143B41976A98800BC8E19 /* Crashlytics.framework */; };
		CA49568D1A0AE44A00A1774C /* PSPartyCell.m in Sources */ = {isa = PBXBuildFile; fileRef = CA49568C1A0AE44A00A1774C /* PSPartyCell.m */; };
		CA4EC1671A2753AC00FC6750 /* Launch Screen.xib in Resources */ = {isa = PBXBuildFile; fileRef = CA4EC1661A2753AC00FC6750 /* Launch Screen.xib */; };
		CA6195601A58533D006A0E7E /* ParseUI.framework in Frameworks */ = {isa = PBXBuildFile; fileRef = CA61955F1A58533D006A0E7E /* ParseUI.framework */; };
		CA6D6C721A14C05B000A043C /* party_cell.xib in Resources */ = {isa = PBXBuildFile; fileRef = CA6D6C711A14C05B000A043C /* party_cell.xib */; };
		CA6D6C751A14C6D6000A043C /* PSPartyListCell.m in Sources */ = {isa = PBXBuildFile; fileRef = CA6D6C741A14C6D6000A043C /* PSPartyListCell.m */; };
		CA6D6C7C1A17C89E000A043C /* UIKit.framework in Frameworks */ = {isa = PBXBuildFile; fileRef = CAACD3F3192D422E006F05E6 /* UIKit.framework */; };
		CA7996091A5088DD00B99E03 /* MapKit.framework in Frameworks */ = {isa = PBXBuildFile; fileRef = CA7996081A5088DD00B99E03 /* MapKit.framework */; };
		CA79960B1A50897A00B99E03 /* Main.storyboard in Resources */ = {isa = PBXBuildFile; fileRef = CA9886691A50827D00D95645 /* Main.storyboard */; };
		CA7D4EC51A51D56E00EC00A0 /* GoogleMaps.framework in Frameworks */ = {isa = PBXBuildFile; fileRef = CA7D4EC41A51D56E00EC00A0 /* GoogleMaps.framework */; };
		CA7D4EC71A51D5A500EC00A0 /* GoogleMaps.bundle in Resources */ = {isa = PBXBuildFile; fileRef = CA7D4EC61A51D5A500EC00A0 /* GoogleMaps.bundle */; };
		CA9886481A507FC700D95645 /* libAdIdAccess.a in Frameworks */ = {isa = PBXBuildFile; fileRef = CA9886421A507FC700D95645 /* libAdIdAccess.a */; };
		CA9886491A507FC700D95645 /* libGoogleAnalyticsServices.a in Frameworks */ = {isa = PBXBuildFile; fileRef = CA9886431A507FC700D95645 /* libGoogleAnalyticsServices.a */; };
		CA9886531A50815300D95645 /* iRate.bundle in Resources */ = {isa = PBXBuildFile; fileRef = CA98864D1A50815300D95645 /* iRate.bundle */; };
		CA9886541A50815300D95645 /* iRate.m in Sources */ = {isa = PBXBuildFile; fileRef = CA98864F1A50815300D95645 /* iRate.m */; };
		CA9886551A50815300D95645 /* main.m in Sources */ = {isa = PBXBuildFile; fileRef = CA9886501A50815300D95645 /* main.m */; };
		CA9886741A50827D00D95645 /* Default-567h@2x.jpg in Resources */ = {isa = PBXBuildFile; fileRef = CA9886581A50827D00D95645 /* Default-567h@2x.jpg */; };
		CA9886751A50827D00D95645 /* Default-667h@2x.jpg in Resources */ = {isa = PBXBuildFile; fileRef = CA9886591A50827D00D95645 /* Default-667h@2x.jpg */; };
		CA9886761A50827D00D95645 /* Default-736@2x.jpg in Resources */ = {isa = PBXBuildFile; fileRef = CA98865A1A50827D00D95645 /* Default-736@2x.jpg */; };
		CA9886771A50827D00D95645 /* Images.xcassets in Resources */ = {isa = PBXBuildFile; fileRef = CA98865B1A50827D00D95645 /* Images.xcassets */; };
		CA9886781A50827D00D95645 /* VKLoginButton.png in Resources */ = {isa = PBXBuildFile; fileRef = CA98865D1A50827D00D95645 /* VKLoginButton.png */; };
		CA9886791A50827D00D95645 /* VKLoginButtonPressed.png in Resources */ = {isa = PBXBuildFile; fileRef = CA98865F1A50827D00D95645 /* VKLoginButtonPressed.png */; };
		CA98867A1A50827D00D95645 /* ic_show_partyloc.png in Resources */ = {isa = PBXBuildFile; fileRef = CA9886611A50827D00D95645 /* ic_show_partyloc.png */; };
		CA98867B1A50827D00D95645 /* LaunchImage.jpg in Resources */ = {isa = PBXBuildFile; fileRef = CA9886621A50827D00D95645 /* LaunchImage.jpg */; };
		CA98867C1A50827D00D95645 /* LaunchImage@2.jpg in Resources */ = {isa = PBXBuildFile; fileRef = CA9886631A50827D00D95645 /* LaunchImage@2.jpg */; };
		CA98867D1A50827D00D95645 /* LaunchImage@3.jpg in Resources */ = {isa = PBXBuildFile; fileRef = CA9886641A50827D00D95645 /* LaunchImage@3.jpg */; };
		CA98867E1A50827D00D95645 /* logo.png in Resources */ = {isa = PBXBuildFile; fileRef = CA9886651A50827D00D95645 /* logo.png */; };
		CA9886801A50827D00D95645 /* InfoPlist.strings in Resources */ = {isa = PBXBuildFile; fileRef = CA98866B1A50827D00D95645 /* InfoPlist.strings */; };
		CA9886811A50827D00D95645 /* Localizable.strings in Resources */ = {isa = PBXBuildFile; fileRef = CA98866D1A50827D00D95645 /* Localizable.strings */; };
		CA9886821A50827D00D95645 /* Main.strings in Resources */ = {isa = PBXBuildFile; fileRef = CA98866F1A50827D00D95645 /* Main.strings */; };
		CAACD3F0192D422E006F05E6 /* Foundation.framework in Frameworks */ = {isa = PBXBuildFile; fileRef = CAACD3EF192D422E006F05E6 /* Foundation.framework */; };
		CAACD3F2192D422E006F05E6 /* CoreGraphics.framework in Frameworks */ = {isa = PBXBuildFile; fileRef = CAACD3F1192D422E006F05E6 /* CoreGraphics.framework */; };
		CAB9DB1D1A27937B006675FA /* selectPlaceInfoWindow.xib in Resources */ = {isa = PBXBuildFile; fileRef = CAB9DB1C1A27937B006675FA /* selectPlaceInfoWindow.xib */; };
		CAC989A219D6F17F000D60C4 /* AVFoundation.framework in Frameworks */ = {isa = PBXBuildFile; fileRef = CAC989A119D6F17F000D60C4 /* AVFoundation.framework */; };
		CAC989A419D6F18B000D60C4 /* CoreData.framework in Frameworks */ = {isa = PBXBuildFile; fileRef = CAC989A319D6F18B000D60C4 /* CoreData.framework */; };
		CAC989A619D6F1A3000D60C4 /* CoreText.framework in Frameworks */ = {isa = PBXBuildFile; fileRef = CAC989A519D6F1A3000D60C4 /* CoreText.framework */; };
		CAC989A819D6F1AB000D60C4 /* GLKit.framework in Frameworks */ = {isa = PBXBuildFile; fileRef = CAC989A719D6F1AB000D60C4 /* GLKit.framework */; };
		CAC989AA19D6F1B4000D60C4 /* ImageIO.framework in Frameworks */ = {isa = PBXBuildFile; fileRef = CAC989A919D6F1B4000D60C4 /* ImageIO.framework */; };
		CAC989AC19D6F1BD000D60C4 /* libc++.dylib in Frameworks */ = {isa = PBXBuildFile; fileRef = CAC989AB19D6F1BD000D60C4 /* libc++.dylib */; };
		CAC989AE19D6F1CC000D60C4 /* libicucore.dylib in Frameworks */ = {isa = PBXBuildFile; fileRef = CAC989AD19D6F1CC000D60C4 /* libicucore.dylib */; };
		CAC989B019D6F1DE000D60C4 /* OpenGLES.framework in Frameworks */ = {isa = PBXBuildFile; fileRef = CAC989AF19D6F1DE000D60C4 /* OpenGLES.framework */; };
		CAD171FC1A5809A600C5AFBC /* User.swift in Sources */ = {isa = PBXBuildFile; fileRef = CAD171FB1A5809A600C5AFBC /* User.swift */; };
		CADB0D7B19645FE400358158 /* AudioToolbox.framework in Frameworks */ = {isa = PBXBuildFile; fileRef = CADB0D7A19645FE400358158 /* AudioToolbox.framework */; };
		CADB0D7D19645FEE00358158 /* CFNetwork.framework in Frameworks */ = {isa = PBXBuildFile; fileRef = CADB0D7C19645FEE00358158 /* CFNetwork.framework */; };
		CADB0D7F1964600100358158 /* CoreLocation.framework in Frameworks */ = {isa = PBXBuildFile; fileRef = CADB0D7E1964600100358158 /* CoreLocation.framework */; };
		CADB0D811964601100358158 /* libz.dylib in Frameworks */ = {isa = PBXBuildFile; fileRef = CADB0D801964601100358158 /* libz.dylib */; };
		CADB0D831964601E00358158 /* MobileCoreServices.framework in Frameworks */ = {isa = PBXBuildFile; fileRef = CADB0D821964601E00358158 /* MobileCoreServices.framework */; };
		CADB0D851964602600358158 /* QuartzCore.framework in Frameworks */ = {isa = PBXBuildFile; fileRef = CADB0D841964602600358158 /* QuartzCore.framework */; };
		CADB0D871964602F00358158 /* Security.framework in Frameworks */ = {isa = PBXBuildFile; fileRef = CADB0D861964602F00358158 /* Security.framework */; };
		CADB0D891964603900358158 /* StoreKit.framework in Frameworks */ = {isa = PBXBuildFile; fileRef = CADB0D881964603900358158 /* StoreKit.framework */; };
		CADB0D8B1964604300358158 /* SystemConfiguration.framework in Frameworks */ = {isa = PBXBuildFile; fileRef = CADB0D8A1964604300358158 /* SystemConfiguration.framework */; };
		CADB0D8D19649D8F00358158 /* Accounts.framework in Frameworks */ = {isa = PBXBuildFile; fileRef = CADB0D8C19649D8E00358158 /* Accounts.framework */; };
		CADB0D8F19649DA200358158 /* Social.framework in Frameworks */ = {isa = PBXBuildFile; fileRef = CADB0D8E19649DA200358158 /* Social.framework */; };
		CAF225771A17F1D000A37188 /* user_cell.xib in Resources */ = {isa = PBXBuildFile; fileRef = CAF225761A17F1D000A37188 /* user_cell.xib */; };
		CAF658C51A587D6100464556 /* libsqlite3.0.dylib in Frameworks */ = {isa = PBXBuildFile; fileRef = CAF658C41A587D6100464556 /* libsqlite3.0.dylib */; };
		CAF658C71A587DA200464556 /* PSUserSpec.m in Sources */ = {isa = PBXBuildFile; fileRef = CAF658C61A587DA200464556 /* PSUserSpec.m */; };
		CAF658C91A58840E00464556 /* Parse.framework in Frameworks */ = {isa = PBXBuildFile; fileRef = CAF658C81A58840E00464556 /* Parse.framework */; };
		CAF658CA1A58840F00464556 /* Parse.framework in Frameworks */ = {isa = PBXBuildFile; fileRef = CAF658C81A58840E00464556 /* Parse.framework */; };
		CAF658CB1A58846000464556 /* libsqlite3.0.dylib in Frameworks */ = {isa = PBXBuildFile; fileRef = CAF658C41A587D6100464556 /* libsqlite3.0.dylib */; };
		CAF658CD1A58865700464556 /* AudioToolbox.framework in Frameworks */ = {isa = PBXBuildFile; fileRef = CADB0D7A19645FE400358158 /* AudioToolbox.framework */; };
		CAF658CE1A58865D00464556 /* CFNetwork.framework in Frameworks */ = {isa = PBXBuildFile; fileRef = CADB0D7C19645FEE00358158 /* CFNetwork.framework */; };
		CAF658CF1A58866300464556 /* CoreGraphics.framework in Frameworks */ = {isa = PBXBuildFile; fileRef = CAACD3F1192D422E006F05E6 /* CoreGraphics.framework */; };
		CAF658D01A58866900464556 /* CoreLocation.framework in Frameworks */ = {isa = PBXBuildFile; fileRef = CADB0D7E1964600100358158 /* CoreLocation.framework */; };
		CAF658D11A58866F00464556 /* MobileCoreServices.framework in Frameworks */ = {isa = PBXBuildFile; fileRef = CADB0D821964601E00358158 /* MobileCoreServices.framework */; };
		CAF658D21A58867500464556 /* QuartzCore.framework in Frameworks */ = {isa = PBXBuildFile; fileRef = CADB0D841964602600358158 /* QuartzCore.framework */; };
		CAF658D31A58867C00464556 /* Security.framework in Frameworks */ = {isa = PBXBuildFile; fileRef = CADB0D861964602F00358158 /* Security.framework */; };
		CAF658D41A58868400464556 /* StoreKit.framework in Frameworks */ = {isa = PBXBuildFile; fileRef = CADB0D881964603900358158 /* StoreKit.framework */; };
		CAF658D51A58868B00464556 /* SystemConfiguration.framework in Frameworks */ = {isa = PBXBuildFile; fileRef = CADB0D8A1964604300358158 /* SystemConfiguration.framework */; };
		CAF658D61A58869000464556 /* libz.dylib in Frameworks */ = {isa = PBXBuildFile; fileRef = CADB0D801964601100358158 /* libz.dylib */; };
/* End PBXBuildFile section */

/* Begin PBXContainerItemProxy section */
		CAF68B8D1A581424001AA554 /* PBXContainerItemProxy */ = {
			isa = PBXContainerItemProxy;
			containerPortal = CAACD3E4192D422E006F05E6 /* Project object */;
			proxyType = 1;
			remoteGlobalIDString = CAACD3EB192D422E006F05E6;
			remoteInfo = PartySmash;
		};
/* End PBXContainerItemProxy section */

/* Begin PBXFileReference section */
		0C9CA22B211CD0449E26D903 /* Pods-PartySmash Tests.release.xcconfig */ = {isa = PBXFileReference; includeInIndex = 1; lastKnownFileType = text.xcconfig; name = "Pods-PartySmash Tests.release.xcconfig"; path = "Pods/Target Support Files/Pods-PartySmash Tests/Pods-PartySmash Tests.release.xcconfig"; sourceTree = "<group>"; };
		2432410C74F36EBB08153E2B /* PSFindPartyVC.h */ = {isa = PBXFileReference; fileEncoding = 4; lastKnownFileType = sourcecode.c.h; path = PSFindPartyVC.h; sourceTree = "<group>"; };
		243241253DE105A7C7B669B9 /* PSCreateNewUserController.h */ = {isa = PBXFileReference; fileEncoding = 4; lastKnownFileType = sourcecode.c.h; path = PSCreateNewUserController.h; sourceTree = "<group>"; };
		2432415FE2180B77CF58DBA7 /* PSFollowFriendsVC.m */ = {isa = PBXFileReference; fileEncoding = 4; lastKnownFileType = sourcecode.c.objc; path = PSFollowFriendsVC.m; sourceTree = "<group>"; };
		24324163A73A35154E8E394D /* PSFriendCell.m */ = {isa = PBXFileReference; fileEncoding = 4; lastKnownFileType = sourcecode.c.objc; path = PSFriendCell.m; sourceTree = "<group>"; };
		24324171D0E88C1DE7A904CF /* PSProfileVC.m */ = {isa = PBXFileReference; fileEncoding = 4; lastKnownFileType = sourcecode.c.objc; path = PSProfileVC.m; sourceTree = "<group>"; };
		24324189E738FF391F2809C4 /* PSCreateNewUserController.m */ = {isa = PBXFileReference; fileEncoding = 4; lastKnownFileType = sourcecode.c.objc; path = PSCreateNewUserController.m; sourceTree = "<group>"; };
		2432419B41535450AEDC1176 /* PSQueryTableViewController.m */ = {isa = PBXFileReference; fileEncoding = 4; lastKnownFileType = sourcecode.c.objc; path = PSQueryTableViewController.m; sourceTree = "<group>"; };
		2432420914A54FD634259E21 /* PFRect.h */ = {isa = PBXFileReference; fileEncoding = 4; lastKnownFileType = sourcecode.c.h; path = PFRect.h; sourceTree = "<group>"; };
		243242356CD9E684B89C774F /* PSAuthService.h */ = {isa = PBXFileReference; fileEncoding = 4; lastKnownFileType = sourcecode.c.h; path = PSAuthService.h; sourceTree = "<group>"; };
		2432428A26A54E683718EDE1 /* PSNotification.m */ = {isa = PBXFileReference; fileEncoding = 4; lastKnownFileType = sourcecode.c.objc; path = PSNotification.m; sourceTree = "<group>"; };
		243242B394B9498EE50794B4 /* PSLoginViewController.m */ = {isa = PBXFileReference; fileEncoding = 4; lastKnownFileType = sourcecode.c.objc; path = PSLoginViewController.m; sourceTree = "<group>"; };
		243242C329C286D8B6967079 /* PSFuturePartiesVC.m */ = {isa = PBXFileReference; fileEncoding = 4; lastKnownFileType = sourcecode.c.objc; path = PSFuturePartiesVC.m; sourceTree = "<group>"; };
		243242D9B78CA8F386173775 /* PSUserCell.h */ = {isa = PBXFileReference; fileEncoding = 4; lastKnownFileType = sourcecode.c.h; path = PSUserCell.h; sourceTree = "<group>"; };
		2432432409C976B1D68E88D2 /* PSMyPartiesVC.h */ = {isa = PBXFileReference; fileEncoding = 4; lastKnownFileType = sourcecode.c.h; path = PSMyPartiesVC.h; sourceTree = "<group>"; };
		2432433AC0F401806C7BBF4D /* PSSearchUserVC.m */ = {isa = PBXFileReference; fileEncoding = 4; lastKnownFileType = sourcecode.c.objc; path = PSSearchUserVC.m; sourceTree = "<group>"; };
		24324364A7498C77984129AB /* PSEvent.h */ = {isa = PBXFileReference; fileEncoding = 4; lastKnownFileType = sourcecode.c.h; path = PSEvent.h; sourceTree = "<group>"; };
		243243C26439C939F160C7BD /* PSNotificationsVC.h */ = {isa = PBXFileReference; fileEncoding = 4; lastKnownFileType = sourcecode.c.h; path = PSNotificationsVC.h; sourceTree = "<group>"; };
		243243E82CD054CB59E2D728 /* PSAuthService.m */ = {isa = PBXFileReference; fileEncoding = 4; lastKnownFileType = sourcecode.c.objc; path = PSAuthService.m; sourceTree = "<group>"; };
		243244150474196E70836B82 /* PSAppDelegate.h */ = {isa = PBXFileReference; fileEncoding = 4; lastKnownFileType = sourcecode.c.h; name = PSAppDelegate.h; path = ../PSAppDelegate.h; sourceTree = "<group>"; };
		24324415BA4E4B483FEEF6D6 /* PSMapInfoView.h */ = {isa = PBXFileReference; fileEncoding = 4; lastKnownFileType = sourcecode.c.h; path = PSMapInfoView.h; sourceTree = "<group>"; };
		2432443D1EC6B453506F9BC3 /* PSTableUsersVC.m */ = {isa = PBXFileReference; fileEncoding = 4; lastKnownFileType = sourcecode.c.objc; path = PSTableUsersVC.m; sourceTree = "<group>"; };
		2432446340CD395773938EBD /* main.js */ = {isa = PBXFileReference; fileEncoding = 4; lastKnownFileType = sourcecode.javascript; path = main.js; sourceTree = "<group>"; };
		2432448A5E51E470F60426FD /* PFLoadingView.h */ = {isa = PBXFileReference; fileEncoding = 4; lastKnownFileType = sourcecode.c.h; path = PFLoadingView.h; sourceTree = "<group>"; };
		243244B10F96B9F843CB1F8F /* PSNotificationFollowCell.m */ = {isa = PBXFileReference; fileEncoding = 4; lastKnownFileType = sourcecode.c.objc; path = PSNotificationFollowCell.m; sourceTree = "<group>"; };
		243244B9F890E7ABC8F01ECD /* PSImageView.h */ = {isa = PBXFileReference; fileEncoding = 4; lastKnownFileType = sourcecode.c.h; path = PSImageView.h; sourceTree = "<group>"; };
		243244C4F97DF392C5574CFD /* .main.js.swp */ = {isa = PBXFileReference; lastKnownFileType = file.swp; path = .main.js.swp; sourceTree = "<group>"; };
		24324568DE92771B93C3837E /* UIView+PSViewInProgress.m */ = {isa = PBXFileReference; fileEncoding = 4; lastKnownFileType = sourcecode.c.objc; path = "UIView+PSViewInProgress.m"; sourceTree = "<group>"; };
		243245B82BE321E2550F6CF1 /* PSSelectPlaceVC.m */ = {isa = PBXFileReference; fileEncoding = 4; lastKnownFileType = sourcecode.c.objc; path = PSSelectPlaceVC.m; sourceTree = "<group>"; };
		243245C54EF57C4F1755A9DC /* PSNotificationFollowCell.h */ = {isa = PBXFileReference; fileEncoding = 4; lastKnownFileType = sourcecode.c.h; path = PSNotificationFollowCell.h; sourceTree = "<group>"; };
		243245EB3C09768FAE841D2A /* PSUserFeedVC.h */ = {isa = PBXFileReference; fileEncoding = 4; lastKnownFileType = sourcecode.c.h; path = PSUserFeedVC.h; sourceTree = "<group>"; };
		24324608E14776E0832C23C1 /* PSFollowFriendsVC.h */ = {isa = PBXFileReference; fileEncoding = 4; lastKnownFileType = sourcecode.c.h; path = PSFollowFriendsVC.h; sourceTree = "<group>"; };
		24324615CE49D341F891BF0E /* PSSettingsVC.h */ = {isa = PBXFileReference; fileEncoding = 4; lastKnownFileType = sourcecode.c.h; path = PSSettingsVC.h; sourceTree = "<group>"; };
		24324619F51F37500457B88C /* PSFindPartyMapVC.m */ = {isa = PBXFileReference; fileEncoding = 4; lastKnownFileType = sourcecode.c.objc; path = PSFindPartyMapVC.m; sourceTree = "<group>"; };
		2432464FE91636707849B018 /* global.json */ = {isa = PBXFileReference; lastKnownFileType = file.json; path = global.json; sourceTree = "<group>"; };
		243246897E4E8F89797ABE77 /* PSFindPartyVC.m */ = {isa = PBXFileReference; fileEncoding = 4; lastKnownFileType = sourcecode.c.objc; path = PSFindPartyVC.m; sourceTree = "<group>"; };
		243246BD20A33EE6C0BDB55A /* UIView+PSViewInProgress.h */ = {isa = PBXFileReference; fileEncoding = 4; lastKnownFileType = sourcecode.c.h; path = "UIView+PSViewInProgress.h"; sourceTree = "<group>"; };
		24324735D2B017ECBC8DC458 /* PSCellDelegate.h */ = {isa = PBXFileReference; fileEncoding = 4; lastKnownFileType = sourcecode.c.h; path = PSCellDelegate.h; sourceTree = "<group>"; };
		2432475B07DD39D05F85C02E /* SZTextView.h */ = {isa = PBXFileReference; fileEncoding = 4; lastKnownFileType = sourcecode.c.h; path = SZTextView.h; sourceTree = "<group>"; };
		24324770EBFD91808EEAF8AD /* PSEvent.m */ = {isa = PBXFileReference; fileEncoding = 4; lastKnownFileType = sourcecode.c.objc; path = PSEvent.m; sourceTree = "<group>"; };
		243247B4FF033C5A583CD43C /* PSPartyViewController.h */ = {isa = PBXFileReference; fileEncoding = 4; lastKnownFileType = sourcecode.c.h; path = PSPartyViewController.h; sourceTree = "<group>"; };
		2432482F6A02BE10E1E53F25 /* PSUserCell.m */ = {isa = PBXFileReference; fileEncoding = 4; lastKnownFileType = sourcecode.c.objc; path = PSUserCell.m; sourceTree = "<group>"; };
		24324841AD383ADC95F42B23 /* PSAppDelegate.m */ = {isa = PBXFileReference; fileEncoding = 4; lastKnownFileType = sourcecode.c.objc; name = PSAppDelegate.m; path = ../PSAppDelegate.m; sourceTree = "<group>"; };
		243248759382705F14EDFCF0 /* PSSelectPlaceVC.h */ = {isa = PBXFileReference; fileEncoding = 4; lastKnownFileType = sourcecode.c.h; path = PSSelectPlaceVC.h; sourceTree = "<group>"; };
		243248B98E7F6149E54A25E9 /* PFImageCache.h */ = {isa = PBXFileReference; fileEncoding = 4; lastKnownFileType = sourcecode.c.h; path = PFImageCache.h; sourceTree = "<group>"; };
		243248FB4D0456F2CC508727 /* PSUser.m */ = {isa = PBXFileReference; fileEncoding = 4; lastKnownFileType = sourcecode.c.objc; path = PSUser.m; sourceTree = "<group>"; };
		243249A3DB7868DA5389B859 /* PSGeneralDescriptionVC.h */ = {isa = PBXFileReference; fileEncoding = 4; lastKnownFileType = sourcecode.c.h; path = PSGeneralDescriptionVC.h; sourceTree = "<group>"; };
		24324A0202FC5D22663B32A3 /* index.html */ = {isa = PBXFileReference; fileEncoding = 4; lastKnownFileType = text.html; path = index.html; sourceTree = "<group>"; };
		24324A2117870DE2B6EE43D7 /* PSCreatePartyVC.h */ = {isa = PBXFileReference; fileEncoding = 4; lastKnownFileType = sourcecode.c.h; path = PSCreatePartyVC.h; sourceTree = "<group>"; };
		24324A6279B208A3493ABC0F /* PSPartyViewController.m */ = {isa = PBXFileReference; fileEncoding = 4; lastKnownFileType = sourcecode.c.objc; path = PSPartyViewController.m; sourceTree = "<group>"; };
		24324AC615598E74FD8C7771 /* PSLoginViewController.h */ = {isa = PBXFileReference; fileEncoding = 4; lastKnownFileType = sourcecode.c.h; path = PSLoginViewController.h; sourceTree = "<group>"; };
		24324AD2646099A79170583D /* PSGeneralDescriptionVC.m */ = {isa = PBXFileReference; fileEncoding = 4; lastKnownFileType = sourcecode.c.objc; path = PSGeneralDescriptionVC.m; sourceTree = "<group>"; };
		24324B0B6BBAB230421C1B0E /* PSCreatePartyVC.m */ = {isa = PBXFileReference; fileEncoding = 4; lastKnownFileType = sourcecode.c.objc; path = PSCreatePartyVC.m; sourceTree = "<group>"; };
		24324B29A645A2C3EC3F1520 /* PSNotificationsVC.m */ = {isa = PBXFileReference; fileEncoding = 4; lastKnownFileType = sourcecode.c.objc; path = PSNotificationsVC.m; sourceTree = "<group>"; };
		24324B3098ED5BE8C15D9442 /* PSPriceDescriptionVC.h */ = {isa = PBXFileReference; fileEncoding = 4; lastKnownFileType = sourcecode.c.h; path = PSPriceDescriptionVC.h; sourceTree = "<group>"; };
		24324B3D2B5493C6FDCF0354 /* PSAttributedDrawer.m */ = {isa = PBXFileReference; fileEncoding = 4; lastKnownFileType = sourcecode.c.objc; path = PSAttributedDrawer.m; sourceTree = "<group>"; };
		24324BB3564F97BC73EA2841 /* PSAttributedDrawer.h */ = {isa = PBXFileReference; fileEncoding = 4; lastKnownFileType = sourcecode.c.h; path = PSAttributedDrawer.h; sourceTree = "<group>"; };
		24324BD64336D0C7FE5B8E41 /* PSFriendCell.h */ = {isa = PBXFileReference; fileEncoding = 4; lastKnownFileType = sourcecode.c.h; path = PSFriendCell.h; sourceTree = "<group>"; };
		24324BDD625723CA578FEAE1 /* PSTableUsersVC.h */ = {isa = PBXFileReference; fileEncoding = 4; lastKnownFileType = sourcecode.c.h; path = PSTableUsersVC.h; sourceTree = "<group>"; };
		24324BE4B0E7469BED21590B /* PSParty.h */ = {isa = PBXFileReference; fileEncoding = 4; lastKnownFileType = sourcecode.c.h; path = PSParty.h; sourceTree = "<group>"; };
		24324BF29F2CA7D4F367E8BE /* PSFindPartyMapVC.h */ = {isa = PBXFileReference; fileEncoding = 4; lastKnownFileType = sourcecode.c.h; path = PSFindPartyMapVC.h; sourceTree = "<group>"; };
		24324C11DC253FE5B9922B83 /* PSProfileVC.h */ = {isa = PBXFileReference; fileEncoding = 4; lastKnownFileType = sourcecode.c.h; path = PSProfileVC.h; sourceTree = "<group>"; };
		24324C1FA4B127DE3D1F0EF0 /* PSMapInfoView.m */ = {isa = PBXFileReference; fileEncoding = 4; lastKnownFileType = sourcecode.c.objc; path = PSMapInfoView.m; sourceTree = "<group>"; };
		24324C4B4164368324E728F2 /* SZTextView.m */ = {isa = PBXFileReference; fileEncoding = 4; lastKnownFileType = sourcecode.c.objc; path = SZTextView.m; sourceTree = "<group>"; };
		24324C638497E565928754AC /* PSQueryTableViewController.h */ = {isa = PBXFileReference; fileEncoding = 4; lastKnownFileType = sourcecode.c.h; path = PSQueryTableViewController.h; sourceTree = "<group>"; };
		24324C93934EAA7814113ACE /* PSUserFeedVC.m */ = {isa = PBXFileReference; fileEncoding = 4; lastKnownFileType = sourcecode.c.objc; path = PSUserFeedVC.m; sourceTree = "<group>"; };
		24324D3B9531BB2FBB3FC825 /* PSSearchUserVC.h */ = {isa = PBXFileReference; fileEncoding = 4; lastKnownFileType = sourcecode.c.h; path = PSSearchUserVC.h; sourceTree = "<group>"; };
		24324DD568E9AAB0D65EBCF9 /* PSPriceDescriptionVC.m */ = {isa = PBXFileReference; fileEncoding = 4; lastKnownFileType = sourcecode.c.objc; path = PSPriceDescriptionVC.m; sourceTree = "<group>"; };
		24324DEF62420A0DF58B0628 /* PSUser.h */ = {isa = PBXFileReference; fileEncoding = 4; lastKnownFileType = sourcecode.c.h; path = PSUser.h; sourceTree = "<group>"; };
		24324DFA322A7E6F8E229E3E /* PSNotification.h */ = {isa = PBXFileReference; fileEncoding = 4; lastKnownFileType = sourcecode.c.h; path = PSNotification.h; sourceTree = "<group>"; };
		24324E206CD34ACD2DF9AB01 /* GCGeocodingService.h */ = {isa = PBXFileReference; fileEncoding = 4; lastKnownFileType = sourcecode.c.h; path = GCGeocodingService.h; sourceTree = "<group>"; };
		24324E62AE3C92DA747398C8 /* PSFuturePartiesVC.h */ = {isa = PBXFileReference; fileEncoding = 4; lastKnownFileType = sourcecode.c.h; path = PSFuturePartiesVC.h; sourceTree = "<group>"; };
		24324EA42C8C2739844438E7 /* GCGeocodingService.m */ = {isa = PBXFileReference; fileEncoding = 4; lastKnownFileType = sourcecode.c.objc; path = GCGeocodingService.m; sourceTree = "<group>"; };
		24324F16620A5C1DBA548274 /* PSImageView.m */ = {isa = PBXFileReference; fileEncoding = 4; lastKnownFileType = sourcecode.c.objc; path = PSImageView.m; sourceTree = "<group>"; };
		24324F31BC4B135F22B7A796 /* PSSettingsVC.m */ = {isa = PBXFileReference; fileEncoding = 4; lastKnownFileType = sourcecode.c.objc; path = PSSettingsVC.m; sourceTree = "<group>"; };
		24324FD3ECD3B245DAFA9965 /* PSParty.m */ = {isa = PBXFileReference; fileEncoding = 4; lastKnownFileType = sourcecode.c.objc; path = PSParty.m; sourceTree = "<group>"; };
		24324FEA72F0620166D54DA6 /* PSMyPartiesVC.m */ = {isa = PBXFileReference; fileEncoding = 4; lastKnownFileType = sourcecode.c.objc; path = PSMyPartiesVC.m; sourceTree = "<group>"; };
		5014C848B2D547E5F1021B5A /* Pods.debug.xcconfig */ = {isa = PBXFileReference; includeInIndex = 1; lastKnownFileType = text.xcconfig; name = Pods.debug.xcconfig; path = "Pods/Target Support Files/Pods/Pods.debug.xcconfig"; sourceTree = "<group>"; };
		5AFC5C3BB09FB00C22C8A4BE /* libPods-PartySmash Tests.a */ = {isa = PBXFileReference; explicitFileType = archive.ar; includeInIndex = 0; path = "libPods-PartySmash Tests.a"; sourceTree = BUILT_PRODUCTS_DIR; };
		63B1EB20DD569A4AF54B4C82 /* Pods-PartySmash Tests.debug.xcconfig */ = {isa = PBXFileReference; includeInIndex = 1; lastKnownFileType = text.xcconfig; name = "Pods-PartySmash Tests.debug.xcconfig"; path = "Pods/Target Support Files/Pods-PartySmash Tests/Pods-PartySmash Tests.debug.xcconfig"; sourceTree = "<group>"; };
		72062ED7C4B10F83A09C8A2E /* libPods.a */ = {isa = PBXFileReference; explicitFileType = archive.ar; includeInIndex = 0; path = libPods.a; sourceTree = BUILT_PRODUCTS_DIR; };
		CA041B4F1A0425EA007598FB /* PSEventCell.h */ = {isa = PBXFileReference; fileEncoding = 4; lastKnownFileType = sourcecode.c.h; path = PSEventCell.h; sourceTree = "<group>"; };
		CA041B501A0425EA007598FB /* PSEventCell.m */ = {isa = PBXFileReference; fileEncoding = 4; lastKnownFileType = sourcecode.c.objc; path = PSEventCell.m; sourceTree = "<group>"; };
		CA041B611A095163007598FB /* PSNotificationCell.h */ = {isa = PBXFileReference; fileEncoding = 4; lastKnownFileType = sourcecode.c.h; path = PSNotificationCell.h; sourceTree = "<group>"; };
		CA041B621A095164007598FB /* PSNotificationCell.m */ = {isa = PBXFileReference; fileEncoding = 4; lastKnownFileType = sourcecode.c.objc; path = PSNotificationCell.m; sourceTree = "<group>"; };
		CA076D861A00E70E009D7696 /* event_newparty_tablecell.xib */ = {isa = PBXFileReference; fileEncoding = 4; lastKnownFileType = file.xib; path = event_newparty_tablecell.xib; sourceTree = "<group>"; };
		CA076D881A00E772009D7696 /* PSEventNewPartyCell.h */ = {isa = PBXFileReference; fileEncoding = 4; lastKnownFileType = sourcecode.c.h; path = PSEventNewPartyCell.h; sourceTree = "<group>"; };
		CA076D891A00E772009D7696 /* PSEventNewPartyCell.m */ = {isa = PBXFileReference; fileEncoding = 4; lastKnownFileType = sourcecode.c.objc; path = PSEventNewPartyCell.m; sourceTree = "<group>"; };
		CA076D8E1A02050C009D7696 /* event_friendgoes_tablecell.xib */ = {isa = PBXFileReference; fileEncoding = 4; lastKnownFileType = file.xib; path = event_friendgoes_tablecell.xib; sourceTree = "<group>"; };
		CA1DC8151A21ECFF00ABB129 /* AdSupport.framework */ = {isa = PBXFileReference; lastKnownFileType = wrapper.framework; name = AdSupport.framework; path = System/Library/Frameworks/AdSupport.framework; sourceTree = SDKROOT; };
		CA1DC8171A22365700ABB129 /* PSPartyListVC.h */ = {isa = PBXFileReference; fileEncoding = 4; lastKnownFileType = sourcecode.c.h; path = PSPartyListVC.h; sourceTree = "<group>"; };
		CA1DC8181A22365700ABB129 /* PSPartyListVC.m */ = {isa = PBXFileReference; fileEncoding = 4; lastKnownFileType = sourcecode.c.objc; path = PSPartyListVC.m; sourceTree = "<group>"; };
		CA2143B41976A98800BC8E19 /* Crashlytics.framework */ = {isa = PBXFileReference; lastKnownFileType = wrapper.framework; path = Crashlytics.framework; sourceTree = "<group>"; };
		CA49568B1A0AE44A00A1774C /* PSPartyCell.h */ = {isa = PBXFileReference; fileEncoding = 4; lastKnownFileType = sourcecode.c.h; path = PSPartyCell.h; sourceTree = "<group>"; };
		CA49568C1A0AE44A00A1774C /* PSPartyCell.m */ = {isa = PBXFileReference; fileEncoding = 4; lastKnownFileType = sourcecode.c.objc; path = PSPartyCell.m; sourceTree = "<group>"; };
		CA4EC1661A2753AC00FC6750 /* Launch Screen.xib */ = {isa = PBXFileReference; fileEncoding = 4; lastKnownFileType = file.xib; path = "Launch Screen.xib"; sourceTree = "<group>"; };
		CA61955F1A58533D006A0E7E /* ParseUI.framework */ = {isa = PBXFileReference; lastKnownFileType = wrapper.framework; path = ParseUI.framework; sourceTree = "<group>"; };
		CA6D6C711A14C05B000A043C /* party_cell.xib */ = {isa = PBXFileReference; fileEncoding = 4; lastKnownFileType = file.xib; path = party_cell.xib; sourceTree = "<group>"; };
		CA6D6C731A14C6D6000A043C /* PSPartyListCell.h */ = {isa = PBXFileReference; fileEncoding = 4; lastKnownFileType = sourcecode.c.h; path = PSPartyListCell.h; sourceTree = "<group>"; };
		CA6D6C741A14C6D6000A043C /* PSPartyListCell.m */ = {isa = PBXFileReference; fileEncoding = 4; lastKnownFileType = sourcecode.c.objc; path = PSPartyListCell.m; sourceTree = "<group>"; };
		CA7996081A5088DD00B99E03 /* MapKit.framework */ = {isa = PBXFileReference; lastKnownFileType = wrapper.framework; name = MapKit.framework; path = System/Library/Frameworks/MapKit.framework; sourceTree = SDKROOT; };
		CA7D4EC41A51D56E00EC00A0 /* GoogleMaps.framework */ = {isa = PBXFileReference; lastKnownFileType = wrapper.framework; name = GoogleMaps.framework; path = ../../GoogleMaps.framework; sourceTree = "<group>"; };
		CA7D4EC61A51D5A500EC00A0 /* GoogleMaps.bundle */ = {isa = PBXFileReference; lastKnownFileType = "wrapper.plug-in"; name = GoogleMaps.bundle; path = ../../GoogleMaps.framework/Versions/A/Resources/GoogleMaps.bundle; sourceTree = "<group>"; };
		CA9886351A507FC700D95645 /* GAI.h */ = {isa = PBXFileReference; fileEncoding = 4; lastKnownFileType = sourcecode.c.h; path = GAI.h; sourceTree = "<group>"; };
		CA9886361A507FC700D95645 /* GAIDictionaryBuilder.h */ = {isa = PBXFileReference; fileEncoding = 4; lastKnownFileType = sourcecode.c.h; path = GAIDictionaryBuilder.h; sourceTree = "<group>"; };
		CA9886371A507FC700D95645 /* GAIEcommerceFields.h */ = {isa = PBXFileReference; fileEncoding = 4; lastKnownFileType = sourcecode.c.h; path = GAIEcommerceFields.h; sourceTree = "<group>"; };
		CA9886381A507FC700D95645 /* GAIEcommerceProduct.h */ = {isa = PBXFileReference; fileEncoding = 4; lastKnownFileType = sourcecode.c.h; path = GAIEcommerceProduct.h; sourceTree = "<group>"; };
		CA9886391A507FC700D95645 /* GAIEcommerceProductAction.h */ = {isa = PBXFileReference; fileEncoding = 4; lastKnownFileType = sourcecode.c.h; path = GAIEcommerceProductAction.h; sourceTree = "<group>"; };
		CA98863A1A507FC700D95645 /* GAIEcommercePromotion.h */ = {isa = PBXFileReference; fileEncoding = 4; lastKnownFileType = sourcecode.c.h; path = GAIEcommercePromotion.h; sourceTree = "<group>"; };
		CA98863B1A507FC700D95645 /* GAIFields.h */ = {isa = PBXFileReference; fileEncoding = 4; lastKnownFileType = sourcecode.c.h; path = GAIFields.h; sourceTree = "<group>"; };
		CA98863C1A507FC700D95645 /* GAILogger.h */ = {isa = PBXFileReference; fileEncoding = 4; lastKnownFileType = sourcecode.c.h; path = GAILogger.h; sourceTree = "<group>"; };
		CA98863D1A507FC700D95645 /* GAITrackedViewController.h */ = {isa = PBXFileReference; fileEncoding = 4; lastKnownFileType = sourcecode.c.h; path = GAITrackedViewController.h; sourceTree = "<group>"; };
		CA98863E1A507FC700D95645 /* GAITracker.h */ = {isa = PBXFileReference; fileEncoding = 4; lastKnownFileType = sourcecode.c.h; path = GAITracker.h; sourceTree = "<group>"; };
		CA9886421A507FC700D95645 /* libAdIdAccess.a */ = {isa = PBXFileReference; lastKnownFileType = archive.ar; path = libAdIdAccess.a; sourceTree = "<group>"; };
		CA9886431A507FC700D95645 /* libGoogleAnalyticsServices.a */ = {isa = PBXFileReference; lastKnownFileType = archive.ar; path = libGoogleAnalyticsServices.a; sourceTree = "<group>"; };
		CA98864D1A50815300D95645 /* iRate.bundle */ = {isa = PBXFileReference; lastKnownFileType = "wrapper.plug-in"; path = iRate.bundle; sourceTree = "<group>"; };
		CA98864E1A50815300D95645 /* iRate.h */ = {isa = PBXFileReference; fileEncoding = 4; lastKnownFileType = sourcecode.c.h; path = iRate.h; sourceTree = "<group>"; };
		CA98864F1A50815300D95645 /* iRate.m */ = {isa = PBXFileReference; fileEncoding = 4; lastKnownFileType = sourcecode.c.objc; path = iRate.m; sourceTree = "<group>"; };
		CA9886501A50815300D95645 /* main.m */ = {isa = PBXFileReference; fileEncoding = 4; lastKnownFileType = sourcecode.c.objc; path = main.m; sourceTree = "<group>"; };
		CA9886511A50815300D95645 /* PartySmash-Info.plist */ = {isa = PBXFileReference; fileEncoding = 4; lastKnownFileType = text.plist.xml; path = "PartySmash-Info.plist"; sourceTree = "<group>"; };
		CA9886521A50815300D95645 /* PartySmash-Prefix.pch */ = {isa = PBXFileReference; fileEncoding = 4; lastKnownFileType = sourcecode.c.h; path = "PartySmash-Prefix.pch"; sourceTree = "<group>"; };
		CA9886581A50827D00D95645 /* Default-567h@2x.jpg */ = {isa = PBXFileReference; lastKnownFileType = image.jpeg; path = "Default-567h@2x.jpg"; sourceTree = "<group>"; };
		CA9886591A50827D00D95645 /* Default-667h@2x.jpg */ = {isa = PBXFileReference; lastKnownFileType = image.jpeg; path = "Default-667h@2x.jpg"; sourceTree = "<group>"; };
		CA98865A1A50827D00D95645 /* Default-736@2x.jpg */ = {isa = PBXFileReference; lastKnownFileType = image.jpeg; path = "Default-736@2x.jpg"; sourceTree = "<group>"; };
		CA98865B1A50827D00D95645 /* Images.xcassets */ = {isa = PBXFileReference; lastKnownFileType = folder.assetcatalog; path = Images.xcassets; sourceTree = "<group>"; };
		CA98865E1A50827D00D95645 /* en */ = {isa = PBXFileReference; lastKnownFileType = image.png; name = en; path = en.lproj/VKLoginButton.png; sourceTree = "<group>"; };
		CA9886601A50827D00D95645 /* en */ = {isa = PBXFileReference; lastKnownFileType = image.png; name = en; path = en.lproj/VKLoginButtonPressed.png; sourceTree = "<group>"; };
		CA9886611A50827D00D95645 /* ic_show_partyloc.png */ = {isa = PBXFileReference; lastKnownFileType = image.png; path = ic_show_partyloc.png; sourceTree = "<group>"; };
		CA9886621A50827D00D95645 /* LaunchImage.jpg */ = {isa = PBXFileReference; lastKnownFileType = image.jpeg; path = LaunchImage.jpg; sourceTree = "<group>"; };
		CA9886631A50827D00D95645 /* LaunchImage@2.jpg */ = {isa = PBXFileReference; lastKnownFileType = image.jpeg; path = "LaunchImage@2.jpg"; sourceTree = "<group>"; };
		CA9886641A50827D00D95645 /* LaunchImage@3.jpg */ = {isa = PBXFileReference; lastKnownFileType = image.jpeg; path = "LaunchImage@3.jpg"; sourceTree = "<group>"; };
		CA9886651A50827D00D95645 /* logo.png */ = {isa = PBXFileReference; lastKnownFileType = image.png; path = logo.png; sourceTree = "<group>"; };
		CA9886661A50827D00D95645 /* ru */ = {isa = PBXFileReference; lastKnownFileType = image.png; name = ru; path = ru.lproj/VKLoginButton.png; sourceTree = "<group>"; };
		CA9886671A50827D00D95645 /* ru */ = {isa = PBXFileReference; lastKnownFileType = image.png; name = ru; path = ru.lproj/VKLoginButtonPressed.png; sourceTree = "<group>"; };
		CA98866A1A50827D00D95645 /* Base */ = {isa = PBXFileReference; lastKnownFileType = file.storyboard; name = Base; path = Base.lproj/Main.storyboard; sourceTree = "<group>"; };
		CA98866C1A50827D00D95645 /* en */ = {isa = PBXFileReference; lastKnownFileType = text.plist.strings; name = en; path = en.lproj/InfoPlist.strings; sourceTree = "<group>"; };
		CA98866E1A50827D00D95645 /* en */ = {isa = PBXFileReference; lastKnownFileType = text.plist.strings; name = en; path = en.lproj/Localizable.strings; sourceTree = "<group>"; };
		CA9886701A50827D00D95645 /* en */ = {isa = PBXFileReference; lastKnownFileType = text.plist.strings; name = en; path = en.lproj/Main.strings; sourceTree = "<group>"; };
		CA9886711A50827D00D95645 /* ru */ = {isa = PBXFileReference; lastKnownFileType = text.plist.strings; name = ru; path = ru.lproj/InfoPlist.strings; sourceTree = "<group>"; };
		CA9886721A50827D00D95645 /* ru */ = {isa = PBXFileReference; lastKnownFileType = text.plist.strings; name = ru; path = ru.lproj/Localizable.strings; sourceTree = "<group>"; };
		CA9886731A50827D00D95645 /* ru */ = {isa = PBXFileReference; lastKnownFileType = text.plist.strings; name = ru; path = ru.lproj/Main.strings; sourceTree = "<group>"; };
		CAACD3EC192D422E006F05E6 /* PartySmashDev.app */ = {isa = PBXFileReference; explicitFileType = wrapper.application; includeInIndex = 0; path = PartySmashDev.app; sourceTree = BUILT_PRODUCTS_DIR; };
		CAACD3EF192D422E006F05E6 /* Foundation.framework */ = {isa = PBXFileReference; lastKnownFileType = wrapper.framework; name = Foundation.framework; path = System/Library/Frameworks/Foundation.framework; sourceTree = SDKROOT; };
		CAACD3F1192D422E006F05E6 /* CoreGraphics.framework */ = {isa = PBXFileReference; lastKnownFileType = wrapper.framework; name = CoreGraphics.framework; path = System/Library/Frameworks/CoreGraphics.framework; sourceTree = SDKROOT; };
		CAACD3F3192D422E006F05E6 /* UIKit.framework */ = {isa = PBXFileReference; lastKnownFileType = wrapper.framework; name = UIKit.framework; path = System/Library/Frameworks/UIKit.framework; sourceTree = SDKROOT; };
		CAB9DB1C1A27937B006675FA /* selectPlaceInfoWindow.xib */ = {isa = PBXFileReference; fileEncoding = 4; lastKnownFileType = file.xib; path = selectPlaceInfoWindow.xib; sourceTree = "<group>"; };
		CAC989A119D6F17F000D60C4 /* AVFoundation.framework */ = {isa = PBXFileReference; lastKnownFileType = wrapper.framework; name = AVFoundation.framework; path = System/Library/Frameworks/AVFoundation.framework; sourceTree = SDKROOT; };
		CAC989A319D6F18B000D60C4 /* CoreData.framework */ = {isa = PBXFileReference; lastKnownFileType = wrapper.framework; name = CoreData.framework; path = System/Library/Frameworks/CoreData.framework; sourceTree = SDKROOT; };
		CAC989A519D6F1A3000D60C4 /* CoreText.framework */ = {isa = PBXFileReference; lastKnownFileType = wrapper.framework; name = CoreText.framework; path = System/Library/Frameworks/CoreText.framework; sourceTree = SDKROOT; };
		CAC989A719D6F1AB000D60C4 /* GLKit.framework */ = {isa = PBXFileReference; lastKnownFileType = wrapper.framework; name = GLKit.framework; path = System/Library/Frameworks/GLKit.framework; sourceTree = SDKROOT; };
		CAC989A919D6F1B4000D60C4 /* ImageIO.framework */ = {isa = PBXFileReference; lastKnownFileType = wrapper.framework; name = ImageIO.framework; path = System/Library/Frameworks/ImageIO.framework; sourceTree = SDKROOT; };
		CAC989AB19D6F1BD000D60C4 /* libc++.dylib */ = {isa = PBXFileReference; lastKnownFileType = "compiled.mach-o.dylib"; name = "libc++.dylib"; path = "usr/lib/libc++.dylib"; sourceTree = SDKROOT; };
		CAC989AD19D6F1CC000D60C4 /* libicucore.dylib */ = {isa = PBXFileReference; lastKnownFileType = "compiled.mach-o.dylib"; name = libicucore.dylib; path = usr/lib/libicucore.dylib; sourceTree = SDKROOT; };
		CAC989AF19D6F1DE000D60C4 /* OpenGLES.framework */ = {isa = PBXFileReference; lastKnownFileType = wrapper.framework; name = OpenGLES.framework; path = System/Library/Frameworks/OpenGLES.framework; sourceTree = SDKROOT; };
		CAD171FB1A5809A600C5AFBC /* User.swift */ = {isa = PBXFileReference; fileEncoding = 4; lastKnownFileType = sourcecode.swift; path = User.swift; sourceTree = "<group>"; };
		CAD171FD1A580BC800C5AFBC /* PartySmash-Bridging-Header.h */ = {isa = PBXFileReference; fileEncoding = 4; lastKnownFileType = sourcecode.c.h; path = "PartySmash-Bridging-Header.h"; sourceTree = "<group>"; };
		CADB0D7A19645FE400358158 /* AudioToolbox.framework */ = {isa = PBXFileReference; lastKnownFileType = wrapper.framework; name = AudioToolbox.framework; path = System/Library/Frameworks/AudioToolbox.framework; sourceTree = SDKROOT; };
		CADB0D7C19645FEE00358158 /* CFNetwork.framework */ = {isa = PBXFileReference; lastKnownFileType = wrapper.framework; name = CFNetwork.framework; path = System/Library/Frameworks/CFNetwork.framework; sourceTree = SDKROOT; };
		CADB0D7E1964600100358158 /* CoreLocation.framework */ = {isa = PBXFileReference; lastKnownFileType = wrapper.framework; name = CoreLocation.framework; path = System/Library/Frameworks/CoreLocation.framework; sourceTree = SDKROOT; };
		CADB0D801964601100358158 /* libz.dylib */ = {isa = PBXFileReference; lastKnownFileType = "compiled.mach-o.dylib"; name = libz.dylib; path = usr/lib/libz.dylib; sourceTree = SDKROOT; };
		CADB0D821964601E00358158 /* MobileCoreServices.framework */ = {isa = PBXFileReference; lastKnownFileType = wrapper.framework; name = MobileCoreServices.framework; path = System/Library/Frameworks/MobileCoreServices.framework; sourceTree = SDKROOT; };
		CADB0D841964602600358158 /* QuartzCore.framework */ = {isa = PBXFileReference; lastKnownFileType = wrapper.framework; name = QuartzCore.framework; path = System/Library/Frameworks/QuartzCore.framework; sourceTree = SDKROOT; };
		CADB0D861964602F00358158 /* Security.framework */ = {isa = PBXFileReference; lastKnownFileType = wrapper.framework; name = Security.framework; path = System/Library/Frameworks/Security.framework; sourceTree = SDKROOT; };
		CADB0D881964603900358158 /* StoreKit.framework */ = {isa = PBXFileReference; lastKnownFileType = wrapper.framework; name = StoreKit.framework; path = System/Library/Frameworks/StoreKit.framework; sourceTree = SDKROOT; };
		CADB0D8A1964604300358158 /* SystemConfiguration.framework */ = {isa = PBXFileReference; lastKnownFileType = wrapper.framework; name = SystemConfiguration.framework; path = System/Library/Frameworks/SystemConfiguration.framework; sourceTree = SDKROOT; };
		CADB0D8C19649D8E00358158 /* Accounts.framework */ = {isa = PBXFileReference; lastKnownFileType = wrapper.framework; name = Accounts.framework; path = System/Library/Frameworks/Accounts.framework; sourceTree = SDKROOT; };
		CADB0D8E19649DA200358158 /* Social.framework */ = {isa = PBXFileReference; lastKnownFileType = wrapper.framework; name = Social.framework; path = System/Library/Frameworks/Social.framework; sourceTree = SDKROOT; };
		CAF225761A17F1D000A37188 /* user_cell.xib */ = {isa = PBXFileReference; fileEncoding = 4; lastKnownFileType = file.xib; path = user_cell.xib; sourceTree = "<group>"; };
		CAF658C41A587D6100464556 /* libsqlite3.0.dylib */ = {isa = PBXFileReference; lastKnownFileType = "compiled.mach-o.dylib"; name = libsqlite3.0.dylib; path = usr/lib/libsqlite3.0.dylib; sourceTree = SDKROOT; };
		CAF658C61A587DA200464556 /* PSUserSpec.m */ = {isa = PBXFileReference; fileEncoding = 4; lastKnownFileType = sourcecode.c.objc; path = PSUserSpec.m; sourceTree = "<group>"; };
		CAF658C81A58840E00464556 /* Parse.framework */ = {isa = PBXFileReference; lastKnownFileType = wrapper.framework; path = Parse.framework; sourceTree = "<group>"; };
		CAF68B871A581424001AA554 /* PartySmash Tests.xctest */ = {isa = PBXFileReference; explicitFileType = wrapper.cfbundle; includeInIndex = 0; path = "PartySmash Tests.xctest"; sourceTree = BUILT_PRODUCTS_DIR; };
		CAF68B8A1A581424001AA554 /* Info.plist */ = {isa = PBXFileReference; lastKnownFileType = text.plist.xml; path = Info.plist; sourceTree = "<group>"; };
		FE1D6CFF8C0E93B59A2909DD /* Pods.release.xcconfig */ = {isa = PBXFileReference; includeInIndex = 1; lastKnownFileType = text.xcconfig; name = Pods.release.xcconfig; path = "Pods/Target Support Files/Pods/Pods.release.xcconfig"; sourceTree = "<group>"; };
/* End PBXFileReference section */

/* Begin PBXFrameworksBuildPhase section */
		CAACD3E9192D422E006F05E6 /* Frameworks */ = {
			isa = PBXFrameworksBuildPhase;
			buildActionMask = 2147483647;
			files = (
				CAF658C51A587D6100464556 /* libsqlite3.0.dylib in Frameworks */,
				CADB0D811964601100358158 /* libz.dylib in Frameworks */,
				CADB0D8B1964604300358158 /* SystemConfiguration.framework in Frameworks */,
				CA1DC8161A21ECFF00ABB129 /* AdSupport.framework in Frameworks */,
				CA6D6C7C1A17C89E000A043C /* UIKit.framework in Frameworks */,
				CADB0D851964602600358158 /* QuartzCore.framework in Frameworks */,
				CAF658C91A58840E00464556 /* Parse.framework in Frameworks */,
				CAC989B019D6F1DE000D60C4 /* OpenGLES.framework in Frameworks */,
				CAC989AE19D6F1CC000D60C4 /* libicucore.dylib in Frameworks */,
				CA9886491A507FC700D95645 /* libGoogleAnalyticsServices.a in Frameworks */,
				CAC989AC19D6F1BD000D60C4 /* libc++.dylib in Frameworks */,
				CAC989AA19D6F1B4000D60C4 /* ImageIO.framework in Frameworks */,
				CAC989A819D6F1AB000D60C4 /* GLKit.framework in Frameworks */,
				CAC989A619D6F1A3000D60C4 /* CoreText.framework in Frameworks */,
				CADB0D7F1964600100358158 /* CoreLocation.framework in Frameworks */,
				CAC989A419D6F18B000D60C4 /* CoreData.framework in Frameworks */,
				CAC989A219D6F17F000D60C4 /* AVFoundation.framework in Frameworks */,
				CA7996091A5088DD00B99E03 /* MapKit.framework in Frameworks */,
				CA6195601A58533D006A0E7E /* ParseUI.framework in Frameworks */,
				CADB0D8F19649DA200358158 /* Social.framework in Frameworks */,
				CADB0D8D19649D8F00358158 /* Accounts.framework in Frameworks */,
				CA7D4EC51A51D56E00EC00A0 /* GoogleMaps.framework in Frameworks */,
				CADB0D891964603900358158 /* StoreKit.framework in Frameworks */,
				CADB0D871964602F00358158 /* Security.framework in Frameworks */,
				CADB0D831964601E00358158 /* MobileCoreServices.framework in Frameworks */,
				CA9886481A507FC700D95645 /* libAdIdAccess.a in Frameworks */,
				CA2143B51976A98800BC8E19 /* Crashlytics.framework in Frameworks */,
				CAACD3F2192D422E006F05E6 /* CoreGraphics.framework in Frameworks */,
				CADB0D7D19645FEE00358158 /* CFNetwork.framework in Frameworks */,
				CADB0D7B19645FE400358158 /* AudioToolbox.framework in Frameworks */,
				CAACD3F0192D422E006F05E6 /* Foundation.framework in Frameworks */,
				A9C3B49E2DC88510D0B0D79A /* libPods.a in Frameworks */,
			);
			runOnlyForDeploymentPostprocessing = 0;
		};
		CAF68B841A581424001AA554 /* Frameworks */ = {
			isa = PBXFrameworksBuildPhase;
			buildActionMask = 2147483647;
			files = (
				CAF658D61A58869000464556 /* libz.dylib in Frameworks */,
				CAF658D51A58868B00464556 /* SystemConfiguration.framework in Frameworks */,
				CAF658D41A58868400464556 /* StoreKit.framework in Frameworks */,
				CAF658D31A58867C00464556 /* Security.framework in Frameworks */,
				CAF658D21A58867500464556 /* QuartzCore.framework in Frameworks */,
				CAF658D11A58866F00464556 /* MobileCoreServices.framework in Frameworks */,
				CAF658D01A58866900464556 /* CoreLocation.framework in Frameworks */,
				CAF658CF1A58866300464556 /* CoreGraphics.framework in Frameworks */,
				CAF658CE1A58865D00464556 /* CFNetwork.framework in Frameworks */,
				CAF658CD1A58865700464556 /* AudioToolbox.framework in Frameworks */,
				CAF658CB1A58846000464556 /* libsqlite3.0.dylib in Frameworks */,
				CAF658CA1A58840F00464556 /* Parse.framework in Frameworks */,
				0A5AB07E155FE58851BAD666 /* libPods-PartySmash Tests.a in Frameworks */,
			);
			runOnlyForDeploymentPostprocessing = 0;
		};
/* End PBXFrameworksBuildPhase section */

/* Begin PBXGroup section */
		2432421F136C4062DEFC3D3F /* View Controllers */ = {
			isa = PBXGroup;
			children = (
				243245EB3C09768FAE841D2A /* PSUserFeedVC.h */,
				24324C93934EAA7814113ACE /* PSUserFeedVC.m */,
				24324171D0E88C1DE7A904CF /* PSProfileVC.m */,
				24324C11DC253FE5B9922B83 /* PSProfileVC.h */,
				24324853923FF142B0D4B50C /* LogInControllers */,
				243249B6C315FD7A6E929D65 /* Create Party Controllers */,
				24324A6279B208A3493ABC0F /* PSPartyViewController.m */,
				243247B4FF033C5A583CD43C /* PSPartyViewController.h */,
				2432443D1EC6B453506F9BC3 /* PSTableUsersVC.m */,
				24324BDD625723CA578FEAE1 /* PSTableUsersVC.h */,
				24324F31BC4B135F22B7A796 /* PSSettingsVC.m */,
				24324615CE49D341F891BF0E /* PSSettingsVC.h */,
				2432433AC0F401806C7BBF4D /* PSSearchUserVC.m */,
				24324D3B9531BB2FBB3FC825 /* PSSearchUserVC.h */,
				24324C638497E565928754AC /* PSQueryTableViewController.h */,
				2432419B41535450AEDC1176 /* PSQueryTableViewController.m */,
				243243D4D075A3E61BC0281A /* Find Party Controllers */,
				24324E0BBFCEAD8696614341 /* My Parties Controllers */,
				CA1DC8171A22365700ABB129 /* PSPartyListVC.h */,
				CA1DC8181A22365700ABB129 /* PSPartyListVC.m */,
			);
			path = "View Controllers";
			sourceTree = "<group>";
		};
		243243D4D075A3E61BC0281A /* Find Party Controllers */ = {
			isa = PBXGroup;
			children = (
				24324BF29F2CA7D4F367E8BE /* PSFindPartyMapVC.h */,
				24324619F51F37500457B88C /* PSFindPartyMapVC.m */,
				2432410C74F36EBB08153E2B /* PSFindPartyVC.h */,
				243246897E4E8F89797ABE77 /* PSFindPartyVC.m */,
			);
			path = "Find Party Controllers";
			sourceTree = "<group>";
		};
		24324512B8B9403676A4A405 /* public */ = {
			isa = PBXGroup;
			children = (
				24324A0202FC5D22663B32A3 /* index.html */,
			);
			path = public;
			sourceTree = "<group>";
		};
		24324514151BAB40F7B1A603 /* cloud */ = {
			isa = PBXGroup;
			children = (
				2432446340CD395773938EBD /* main.js */,
				243244C4F97DF392C5574CFD /* .main.js.swp */,
			);
			path = cloud;
			sourceTree = "<group>";
		};
		2432465A6A85585A58E2D811 /* config */ = {
			isa = PBXGroup;
			children = (
				2432464FE91636707849B018 /* global.json */,
			);
			path = config;
			sourceTree = "<group>";
		};
		24324853923FF142B0D4B50C /* LogInControllers */ = {
			isa = PBXGroup;
			children = (
				243241253DE105A7C7B669B9 /* PSCreateNewUserController.h */,
				24324189E738FF391F2809C4 /* PSCreateNewUserController.m */,
				2432415FE2180B77CF58DBA7 /* PSFollowFriendsVC.m */,
				24324608E14776E0832C23C1 /* PSFollowFriendsVC.h */,
				24324AC615598E74FD8C7771 /* PSLoginViewController.h */,
				243242B394B9498EE50794B4 /* PSLoginViewController.m */,
			);
			name = LogInControllers;
			sourceTree = "<group>";
		};
		243248CB4F0E7342D22BB2D0 /* Classes */ = {
			isa = PBXGroup;
			children = (
				24324C89E222F928DABED3AF /* Services */,
				24324CD0DC8E5356DF677CA7 /* Model */,
				2432421F136C4062DEFC3D3F /* View Controllers */,
				24324DE8E6D07083DEB7DF47 /* Views */,
				24324E994D35977F8A4B61E8 /* Protocols */,
			);
			path = Classes;
			sourceTree = "<group>";
		};
		243249B6C315FD7A6E929D65 /* Create Party Controllers */ = {
			isa = PBXGroup;
			children = (
				24324B0B6BBAB230421C1B0E /* PSCreatePartyVC.m */,
				24324A2117870DE2B6EE43D7 /* PSCreatePartyVC.h */,
				243249A3DB7868DA5389B859 /* PSGeneralDescriptionVC.h */,
				24324AD2646099A79170583D /* PSGeneralDescriptionVC.m */,
				243245B82BE321E2550F6CF1 /* PSSelectPlaceVC.m */,
				243248759382705F14EDFCF0 /* PSSelectPlaceVC.h */,
				24324DD568E9AAB0D65EBCF9 /* PSPriceDescriptionVC.m */,
				24324B3098ED5BE8C15D9442 /* PSPriceDescriptionVC.h */,
			);
			path = "Create Party Controllers";
			sourceTree = "<group>";
		};
		24324A6213B03BA342179FEA /* parse */ = {
			isa = PBXGroup;
			children = (
				24324514151BAB40F7B1A603 /* cloud */,
				2432465A6A85585A58E2D811 /* config */,
				24324512B8B9403676A4A405 /* public */,
			);
			path = parse;
			sourceTree = "<group>";
		};
		24324C89E222F928DABED3AF /* Services */ = {
			isa = PBXGroup;
			children = (
				243243E82CD054CB59E2D728 /* PSAuthService.m */,
				243242356CD9E684B89C774F /* PSAuthService.h */,
				24324E206CD34ACD2DF9AB01 /* GCGeocodingService.h */,
				24324EA42C8C2739844438E7 /* GCGeocodingService.m */,
			);
			path = Services;
			sourceTree = "<group>";
		};
		24324CD0DC8E5356DF677CA7 /* Model */ = {
			isa = PBXGroup;
			children = (
				243248FB4D0456F2CC508727 /* PSUser.m */,
				24324DEF62420A0DF58B0628 /* PSUser.h */,
				24324FD3ECD3B245DAFA9965 /* PSParty.m */,
				24324BE4B0E7469BED21590B /* PSParty.h */,
				24324770EBFD91808EEAF8AD /* PSEvent.m */,
				24324364A7498C77984129AB /* PSEvent.h */,
				2432428A26A54E683718EDE1 /* PSNotification.m */,
				24324DFA322A7E6F8E229E3E /* PSNotification.h */,
				CAD171FB1A5809A600C5AFBC /* User.swift */,
			);
			path = Model;
			sourceTree = "<group>";
		};
		24324DE8E6D07083DEB7DF47 /* Views */ = {
			isa = PBXGroup;
			children = (
				CA076D8B1A0203C6009D7696 /* xib */,
				24324568DE92771B93C3837E /* UIView+PSViewInProgress.m */,
				243246BD20A33EE6C0BDB55A /* UIView+PSViewInProgress.h */,
				24324BD64336D0C7FE5B8E41 /* PSFriendCell.h */,
				24324163A73A35154E8E394D /* PSFriendCell.m */,
				2432475B07DD39D05F85C02E /* SZTextView.h */,
				24324C4B4164368324E728F2 /* SZTextView.m */,
				24324C1FA4B127DE3D1F0EF0 /* PSMapInfoView.m */,
				24324415BA4E4B483FEEF6D6 /* PSMapInfoView.h */,
				CA076D881A00E772009D7696 /* PSEventNewPartyCell.h */,
				CA076D891A00E772009D7696 /* PSEventNewPartyCell.m */,
				CA041B4F1A0425EA007598FB /* PSEventCell.h */,
				CA041B501A0425EA007598FB /* PSEventCell.m */,
				CA041B611A095163007598FB /* PSNotificationCell.h */,
				CA041B621A095164007598FB /* PSNotificationCell.m */,
				CA49568B1A0AE44A00A1774C /* PSPartyCell.h */,
				CA49568C1A0AE44A00A1774C /* PSPartyCell.m */,
				2432482F6A02BE10E1E53F25 /* PSUserCell.m */,
				243242D9B78CA8F386173775 /* PSUserCell.h */,
				CA6D6C731A14C6D6000A043C /* PSPartyListCell.h */,
				CA6D6C741A14C6D6000A043C /* PSPartyListCell.m */,
				2432448A5E51E470F60426FD /* PFLoadingView.h */,
				2432420914A54FD634259E21 /* PFRect.h */,
				243244B9F890E7ABC8F01ECD /* PSImageView.h */,
				24324F16620A5C1DBA548274 /* PSImageView.m */,
				243248B98E7F6149E54A25E9 /* PFImageCache.h */,
				24324B3D2B5493C6FDCF0354 /* PSAttributedDrawer.m */,
				24324BB3564F97BC73EA2841 /* PSAttributedDrawer.h */,
				243244B10F96B9F843CB1F8F /* PSNotificationFollowCell.m */,
				243245C54EF57C4F1755A9DC /* PSNotificationFollowCell.h */,
			);
			path = Views;
			sourceTree = "<group>";
		};
		24324E0BBFCEAD8696614341 /* My Parties Controllers */ = {
			isa = PBXGroup;
			children = (
				24324E62AE3C92DA747398C8 /* PSFuturePartiesVC.h */,
				243242C329C286D8B6967079 /* PSFuturePartiesVC.m */,
				2432432409C976B1D68E88D2 /* PSMyPartiesVC.h */,
				24324FEA72F0620166D54DA6 /* PSMyPartiesVC.m */,
				243243C26439C939F160C7BD /* PSNotificationsVC.h */,
				24324B29A645A2C3EC3F1520 /* PSNotificationsVC.m */,
			);
			path = "My Parties Controllers";
			sourceTree = "<group>";
		};
		24324E994D35977F8A4B61E8 /* Protocols */ = {
			isa = PBXGroup;
			children = (
				24324735D2B017ECBC8DC458 /* PSCellDelegate.h */,
			);
			path = Protocols;
			sourceTree = "<group>";
		};
		24895D1D11F0ABA01D54024C /* Pods */ = {
			isa = PBXGroup;
			children = (
				5014C848B2D547E5F1021B5A /* Pods.debug.xcconfig */,
				FE1D6CFF8C0E93B59A2909DD /* Pods.release.xcconfig */,
				63B1EB20DD569A4AF54B4C82 /* Pods-PartySmash Tests.debug.xcconfig */,
				0C9CA22B211CD0449E26D903 /* Pods-PartySmash Tests.release.xcconfig */,
			);
			name = Pods;
			sourceTree = "<group>";
		};
		CA076D8B1A0203C6009D7696 /* xib */ = {
			isa = PBXGroup;
			children = (
				CAB9DB1C1A27937B006675FA /* selectPlaceInfoWindow.xib */,
				CA4EC1661A2753AC00FC6750 /* Launch Screen.xib */,
				CA076D861A00E70E009D7696 /* event_newparty_tablecell.xib */,
				CA076D8E1A02050C009D7696 /* event_friendgoes_tablecell.xib */,
				CA6D6C711A14C05B000A043C /* party_cell.xib */,
				CAF225761A17F1D000A37188 /* user_cell.xib */,
			);
			name = xib;
			sourceTree = "<group>";
		};
		CA9886341A507FC700D95645 /* Analytics */ = {
			isa = PBXGroup;
			children = (
				CA9886351A507FC700D95645 /* GAI.h */,
				CA9886361A507FC700D95645 /* GAIDictionaryBuilder.h */,
				CA9886371A507FC700D95645 /* GAIEcommerceFields.h */,
				CA9886381A507FC700D95645 /* GAIEcommerceProduct.h */,
				CA9886391A507FC700D95645 /* GAIEcommerceProductAction.h */,
				CA98863A1A507FC700D95645 /* GAIEcommercePromotion.h */,
				CA98863B1A507FC700D95645 /* GAIFields.h */,
				CA98863C1A507FC700D95645 /* GAILogger.h */,
				CA98863D1A507FC700D95645 /* GAITrackedViewController.h */,
				CA98863E1A507FC700D95645 /* GAITracker.h */,
			);
			path = Analytics;
			sourceTree = "<group>";
		};
		CA98863F1A507FC700D95645 /* Frameworks */ = {
			isa = PBXGroup;
			children = (
				CA7D4EC61A51D5A500EC00A0 /* GoogleMaps.bundle */,
				CA7D4EC41A51D56E00EC00A0 /* GoogleMaps.framework */,
				CA9886421A507FC700D95645 /* libAdIdAccess.a */,
				CA9886431A507FC700D95645 /* libGoogleAnalyticsServices.a */,
			);
			path = Frameworks;
			sourceTree = "<group>";
		};
		CA98864C1A50815300D95645 /* Supporting Files */ = {
			isa = PBXGroup;
			children = (
				CAD171FD1A580BC800C5AFBC /* PartySmash-Bridging-Header.h */,
				243244150474196E70836B82 /* PSAppDelegate.h */,
				24324841AD383ADC95F42B23 /* PSAppDelegate.m */,
				CA98864D1A50815300D95645 /* iRate.bundle */,
				CA98864E1A50815300D95645 /* iRate.h */,
				CA98864F1A50815300D95645 /* iRate.m */,
				CA9886501A50815300D95645 /* main.m */,
				CA9886511A50815300D95645 /* PartySmash-Info.plist */,
				CA9886521A50815300D95645 /* PartySmash-Prefix.pch */,
			);
			path = "Supporting Files";
			sourceTree = "<group>";
		};
		CA9886571A50827D00D95645 /* Resources */ = {
			isa = PBXGroup;
			children = (
				CA9886581A50827D00D95645 /* Default-567h@2x.jpg */,
				CA9886591A50827D00D95645 /* Default-667h@2x.jpg */,
				CA98865A1A50827D00D95645 /* Default-736@2x.jpg */,
				CA98865B1A50827D00D95645 /* Images.xcassets */,
				CA98865C1A50827D00D95645 /* img */,
			);
			path = Resources;
			sourceTree = "<group>";
		};
		CA98865C1A50827D00D95645 /* img */ = {
			isa = PBXGroup;
			children = (
				CA98865D1A50827D00D95645 /* VKLoginButton.png */,
				CA98865F1A50827D00D95645 /* VKLoginButtonPressed.png */,
				CA9886611A50827D00D95645 /* ic_show_partyloc.png */,
				CA9886621A50827D00D95645 /* LaunchImage.jpg */,
				CA9886631A50827D00D95645 /* LaunchImage@2.jpg */,
				CA9886641A50827D00D95645 /* LaunchImage@3.jpg */,
				CA9886651A50827D00D95645 /* logo.png */,
			);
			path = img;
			sourceTree = "<group>";
		};
		CA9886681A50827D00D95645 /* Storyboards & Localizations */ = {
			isa = PBXGroup;
			children = (
				CA9886691A50827D00D95645 /* Main.storyboard */,
				CA98866B1A50827D00D95645 /* InfoPlist.strings */,
				CA98866D1A50827D00D95645 /* Localizable.strings */,
				CA98866F1A50827D00D95645 /* Main.strings */,
			);
			path = "Storyboards & Localizations";
			sourceTree = "<group>";
		};
		CAACD3E3192D422E006F05E6 = {
			isa = PBXGroup;
			children = (
				CAACD3F5192D422E006F05E6 /* PartySmash */,
				CAF68B881A581424001AA554 /* PartySmash Tests */,
				CAACD3EE192D422E006F05E6 /* Frameworks */,
				CAACD3ED192D422E006F05E6 /* Products */,
				24895D1D11F0ABA01D54024C /* Pods */,
				24324A6213B03BA342179FEA /* parse */,
			);
			sourceTree = "<group>";
		};
		CAACD3ED192D422E006F05E6 /* Products */ = {
			isa = PBXGroup;
			children = (
				CAACD3EC192D422E006F05E6 /* PartySmashDev.app */,
				CAF68B871A581424001AA554 /* PartySmash Tests.xctest */,
			);
			name = Products;
			sourceTree = "<group>";
		};
		CAACD3EE192D422E006F05E6 /* Frameworks */ = {
			isa = PBXGroup;
			children = (
				CAF658C81A58840E00464556 /* Parse.framework */,
				CAF658C41A587D6100464556 /* libsqlite3.0.dylib */,
				CA61955F1A58533D006A0E7E /* ParseUI.framework */,
				CA7996081A5088DD00B99E03 /* MapKit.framework */,
				CA1DC8151A21ECFF00ABB129 /* AdSupport.framework */,
				CAC989AF19D6F1DE000D60C4 /* OpenGLES.framework */,
				CAC989AD19D6F1CC000D60C4 /* libicucore.dylib */,
				CAC989AB19D6F1BD000D60C4 /* libc++.dylib */,
				CAC989A919D6F1B4000D60C4 /* ImageIO.framework */,
				CAC989A719D6F1AB000D60C4 /* GLKit.framework */,
				CAC989A519D6F1A3000D60C4 /* CoreText.framework */,
				CAC989A319D6F18B000D60C4 /* CoreData.framework */,
				CAC989A119D6F17F000D60C4 /* AVFoundation.framework */,
				CA2143B41976A98800BC8E19 /* Crashlytics.framework */,
				CADB0D8E19649DA200358158 /* Social.framework */,
				CADB0D8C19649D8E00358158 /* Accounts.framework */,
				CADB0D8A1964604300358158 /* SystemConfiguration.framework */,
				CADB0D881964603900358158 /* StoreKit.framework */,
				CADB0D861964602F00358158 /* Security.framework */,
				CADB0D841964602600358158 /* QuartzCore.framework */,
				CADB0D821964601E00358158 /* MobileCoreServices.framework */,
				CADB0D801964601100358158 /* libz.dylib */,
				CADB0D7E1964600100358158 /* CoreLocation.framework */,
				CADB0D7C19645FEE00358158 /* CFNetwork.framework */,
				CADB0D7A19645FE400358158 /* AudioToolbox.framework */,
				CAACD3EF192D422E006F05E6 /* Foundation.framework */,
				CAACD3F1192D422E006F05E6 /* CoreGraphics.framework */,
				CAACD3F3192D422E006F05E6 /* UIKit.framework */,
				72062ED7C4B10F83A09C8A2E /* libPods.a */,
				5AFC5C3BB09FB00C22C8A4BE /* libPods-PartySmash Tests.a */,
			);
			name = Frameworks;
			sourceTree = "<group>";
		};
		CAACD3F5192D422E006F05E6 /* PartySmash */ = {
			isa = PBXGroup;
			children = (
				CA9886571A50827D00D95645 /* Resources */,
				CA9886681A50827D00D95645 /* Storyboards & Localizations */,
				CA98864C1A50815300D95645 /* Supporting Files */,
				CA9886341A507FC700D95645 /* Analytics */,
				CA98863F1A507FC700D95645 /* Frameworks */,
				243248CB4F0E7342D22BB2D0 /* Classes */,
			);
			path = PartySmash;
			sourceTree = "<group>";
		};
		CAF68B881A581424001AA554 /* PartySmash Tests */ = {
			isa = PBXGroup;
			children = (
				CAF68B891A581424001AA554 /* Supporting Files */,
				CAF658C61A587DA200464556 /* PSUserSpec.m */,
			);
			path = "PartySmash Tests";
			sourceTree = "<group>";
		};
		CAF68B891A581424001AA554 /* Supporting Files */ = {
			isa = PBXGroup;
			children = (
				CAF68B8A1A581424001AA554 /* Info.plist */,
			);
			name = "Supporting Files";
			sourceTree = "<group>";
		};
/* End PBXGroup section */

/* Begin PBXNativeTarget section */
		CAACD3EB192D422E006F05E6 /* PartySmash */ = {
			isa = PBXNativeTarget;
			buildConfigurationList = CAACD41E192D422F006F05E6 /* Build configuration list for PBXNativeTarget "PartySmash" */;
			buildPhases = (
				AB9ED0EF08004A0DB851563F /* Check Pods Manifest.lock */,
				CAACD3E8192D422E006F05E6 /* Sources */,
				CAACD3E9192D422E006F05E6 /* Frameworks */,
				CAACD3EA192D422E006F05E6 /* Resources */,
				8CD21F22A0144A6EB4EE7193 /* Copy Pods Resources */,
			);
			buildRules = (
			);
			dependencies = (
			);
			name = PartySmash;
			productName = PartySmash;
			productReference = CAACD3EC192D422E006F05E6 /* PartySmashDev.app */;
			productType = "com.apple.product-type.application";
		};
		CAF68B861A581424001AA554 /* PartySmash Tests */ = {
			isa = PBXNativeTarget;
			buildConfigurationList = CAF68B8F1A581424001AA554 /* Build configuration list for PBXNativeTarget "PartySmash Tests" */;
			buildPhases = (
				F03868E6F9CB79E29EF3A53E /* Check Pods Manifest.lock */,
				CAF68B831A581424001AA554 /* Sources */,
				CAF68B841A581424001AA554 /* Frameworks */,
				CAF68B851A581424001AA554 /* Resources */,
				6C0B33F03CFF2665EFEB4250 /* Copy Pods Resources */,
			);
			buildRules = (
			);
			dependencies = (
				CAF68B8E1A581424001AA554 /* PBXTargetDependency */,
			);
			name = "PartySmash Tests";
			productName = "PartySmash Tests";
			productReference = CAF68B871A581424001AA554 /* PartySmash Tests.xctest */;
			productType = "com.apple.product-type.bundle.unit-test";
		};
/* End PBXNativeTarget section */

/* Begin PBXProject section */
		CAACD3E4192D422E006F05E6 /* Project object */ = {
			isa = PBXProject;
			attributes = {
				CLASSPREFIX = PS;
				LastUpgradeCheck = 0610;
				ORGANIZATIONNAME = PartySmash;
				TargetAttributes = {
					CAACD3EB192D422E006F05E6 = {
						DevelopmentTeam = 375G5K6E3F;
						SystemCapabilities = {
							com.apple.Maps.iOS = {
								enabled = 1;
							};
						};
					};
					CAF68B861A581424001AA554 = {
						CreatedOnToolsVersion = 6.1.1;
						TestTargetID = CAACD3EB192D422E006F05E6;
					};
				};
			};
			buildConfigurationList = CAACD3E7192D422E006F05E6 /* Build configuration list for PBXProject "PartySmash" */;
			compatibilityVersion = "Xcode 3.2";
			developmentRegion = English;
			hasScannedForEncodings = 0;
			knownRegions = (
				en,
				Base,
				ru,
			);
			mainGroup = CAACD3E3192D422E006F05E6;
			productRefGroup = CAACD3ED192D422E006F05E6 /* Products */;
			projectDirPath = "";
			projectRoot = "";
			targets = (
				CAACD3EB192D422E006F05E6 /* PartySmash */,
				CAF68B861A581424001AA554 /* PartySmash Tests */,
			);
		};
/* End PBXProject section */

/* Begin PBXResourcesBuildPhase section */
		CAACD3EA192D422E006F05E6 /* Resources */ = {
			isa = PBXResourcesBuildPhase;
			buildActionMask = 2147483647;
			files = (
				CA79960B1A50897A00B99E03 /* Main.storyboard in Resources */,
				CA98867B1A50827D00D95645 /* LaunchImage.jpg in Resources */,
				CA076D8F1A02050C009D7696 /* event_friendgoes_tablecell.xib in Resources */,
				CA9886781A50827D00D95645 /* VKLoginButton.png in Resources */,
				CA98867E1A50827D00D95645 /* logo.png in Resources */,
				CA6D6C721A14C05B000A043C /* party_cell.xib in Resources */,
				CAB9DB1D1A27937B006675FA /* selectPlaceInfoWindow.xib in Resources */,
				CA9886821A50827D00D95645 /* Main.strings in Resources */,
				CA4EC1671A2753AC00FC6750 /* Launch Screen.xib in Resources */,
				CA9886791A50827D00D95645 /* VKLoginButtonPressed.png in Resources */,
				CA98867C1A50827D00D95645 /* LaunchImage@2.jpg in Resources */,
				CAF225771A17F1D000A37188 /* user_cell.xib in Resources */,
				CA9886771A50827D00D95645 /* Images.xcassets in Resources */,
				CA9886531A50815300D95645 /* iRate.bundle in Resources */,
				CA9886811A50827D00D95645 /* Localizable.strings in Resources */,
				CA7D4EC71A51D5A500EC00A0 /* GoogleMaps.bundle in Resources */,
				CA98867D1A50827D00D95645 /* LaunchImage@3.jpg in Resources */,
				CA9886801A50827D00D95645 /* InfoPlist.strings in Resources */,
				CA98867A1A50827D00D95645 /* ic_show_partyloc.png in Resources */,
				CA9886741A50827D00D95645 /* Default-567h@2x.jpg in Resources */,
				CA9886751A50827D00D95645 /* Default-667h@2x.jpg in Resources */,
				CA9886761A50827D00D95645 /* Default-736@2x.jpg in Resources */,
				CA076D871A00E70E009D7696 /* event_newparty_tablecell.xib in Resources */,
			);
			runOnlyForDeploymentPostprocessing = 0;
		};
		CAF68B851A581424001AA554 /* Resources */ = {
			isa = PBXResourcesBuildPhase;
			buildActionMask = 2147483647;
			files = (
			);
			runOnlyForDeploymentPostprocessing = 0;
		};
/* End PBXResourcesBuildPhase section */

/* Begin PBXShellScriptBuildPhase section */
		6C0B33F03CFF2665EFEB4250 /* Copy Pods Resources */ = {
			isa = PBXShellScriptBuildPhase;
			buildActionMask = 2147483647;
			files = (
			);
			inputPaths = (
			);
			name = "Copy Pods Resources";
			outputPaths = (
			);
			runOnlyForDeploymentPostprocessing = 0;
			shellPath = /bin/sh;
			shellScript = "\"${SRCROOT}/Pods/Target Support Files/Pods-PartySmash Tests/Pods-PartySmash Tests-resources.sh\"\n";
			showEnvVarsInLog = 0;
		};
		8CD21F22A0144A6EB4EE7193 /* Copy Pods Resources */ = {
			isa = PBXShellScriptBuildPhase;
			buildActionMask = 2147483647;
			files = (
			);
			inputPaths = (
			);
			name = "Copy Pods Resources";
			outputPaths = (
			);
			runOnlyForDeploymentPostprocessing = 0;
			shellPath = /bin/sh;
			shellScript = "\"${SRCROOT}/Pods/Target Support Files/Pods/Pods-resources.sh\"\n";
			showEnvVarsInLog = 0;
		};
		AB9ED0EF08004A0DB851563F /* Check Pods Manifest.lock */ = {
			isa = PBXShellScriptBuildPhase;
			buildActionMask = 2147483647;
			files = (
			);
			inputPaths = (
			);
			name = "Check Pods Manifest.lock";
			outputPaths = (
			);
			runOnlyForDeploymentPostprocessing = 0;
			shellPath = /bin/sh;
			shellScript = "diff \"${PODS_ROOT}/../Podfile.lock\" \"${PODS_ROOT}/Manifest.lock\" > /dev/null\nif [[ $? != 0 ]] ; then\n    cat << EOM\nerror: The sandbox is not in sync with the Podfile.lock. Run 'pod install' or update your CocoaPods installation.\nEOM\n    exit 1\nfi\n";
			showEnvVarsInLog = 0;
		};
		F03868E6F9CB79E29EF3A53E /* Check Pods Manifest.lock */ = {
			isa = PBXShellScriptBuildPhase;
			buildActionMask = 2147483647;
			files = (
			);
			inputPaths = (
			);
			name = "Check Pods Manifest.lock";
			outputPaths = (
			);
			runOnlyForDeploymentPostprocessing = 0;
			shellPath = /bin/sh;
			shellScript = "diff \"${PODS_ROOT}/../Podfile.lock\" \"${PODS_ROOT}/Manifest.lock\" > /dev/null\nif [[ $? != 0 ]] ; then\n    cat << EOM\nerror: The sandbox is not in sync with the Podfile.lock. Run 'pod install' or update your CocoaPods installation.\nEOM\n    exit 1\nfi\n";
			showEnvVarsInLog = 0;
		};
/* End PBXShellScriptBuildPhase section */

/* Begin PBXSourcesBuildPhase section */
		CAACD3E8192D422E006F05E6 /* Sources */ = {
			isa = PBXSourcesBuildPhase;
			buildActionMask = 2147483647;
			files = (
				CA076D8A1A00E772009D7696 /* PSEventNewPartyCell.m in Sources */,
				24324A89F747D373BE532092 /* PSAuthService.m in Sources */,
				24324BABD50B1A25F1571AB0 /* PSAppDelegate.m in Sources */,
				2432496E62210C077E25D31F /* PSUserFeedVC.m in Sources */,
				CA041B511A0425EA007598FB /* PSEventCell.m in Sources */,
				CA1DC8191A22365700ABB129 /* PSPartyListVC.m in Sources */,
				2432448C88A414016B66530F /* UIView+PSViewInProgress.m in Sources */,
				243240E9755ED32169FA8A00 /* PSFriendCell.m in Sources */,
				243246C765A0A6FCE5B02CDD /* PSUser.m in Sources */,
				CA9886541A50815300D95645 /* iRate.m in Sources */,
				CA49568D1A0AE44A00A1774C /* PSPartyCell.m in Sources */,
				CA041B631A095164007598FB /* PSNotificationCell.m in Sources */,
				CA6D6C751A14C6D6000A043C /* PSPartyListCell.m in Sources */,
				2432488841936F16DB5061E0 /* PSProfileVC.m in Sources */,
				24324E577856079326296478 /* PSCreateNewUserController.m in Sources */,
				243248348C3629B581C41BB9 /* PSFollowFriendsVC.m in Sources */,
				2432487E223FAB8B471ECB5E /* PSLoginViewController.m in Sources */,
				24324068E2C85278B88A1FE9 /* PSParty.m in Sources */,
				2432473B7490D26A10A5A36C /* GCGeocodingService.m in Sources */,
				2432453F695C47CFA0E75921 /* PSCreatePartyVC.m in Sources */,
				24324F882F31FC60398E0581 /* PSGeneralDescriptionVC.m in Sources */,
				24324F4804E944F02AC2400E /* PSSelectPlaceVC.m in Sources */,
				243248F1A7379C9A1867D1F7 /* SZTextView.m in Sources */,
				243240BCDD91E436EB295C22 /* PSPriceDescriptionVC.m in Sources */,
				243243F42809528F58C43CDC /* PSMapInfoView.m in Sources */,
				CA9886551A50815300D95645 /* main.m in Sources */,
				243240C4769AED9AE57080F8 /* PSEvent.m in Sources */,
				24324ABD006A86C2B4369B18 /* PSPartyViewController.m in Sources */,
				24324126704DBA65FD37429C /* PSNotification.m in Sources */,
				2432438A7B3334D04845AC08 /* PSTableUsersVC.m in Sources */,
				2432483C63B996742EDD93A2 /* PSUserCell.m in Sources */,
				243249E037152E61F446C536 /* PSSettingsVC.m in Sources */,
				CAD171FC1A5809A600C5AFBC /* User.swift in Sources */,
				24324D7D2B390EB4C96769AA /* PSSearchUserVC.m in Sources */,
				24324E432967D1586D58CB4C /* PSQueryTableViewController.m in Sources */,
				243247931F5293B932ACBFF9 /* PSFindPartyMapVC.m in Sources */,
				2432457983878AD4C4C68BD1 /* PSFindPartyVC.m in Sources */,
				2432498E623D3541ADC3517B /* PSFuturePartiesVC.m in Sources */,
				24324C7EBC86FB2AA4B71796 /* PSMyPartiesVC.m in Sources */,
				24324BEFD6F3B23A419657FF /* PSNotificationsVC.m in Sources */,
				243246466577E3E4CF57A6D5 /* PSImageView.m in Sources */,
				2432497307D0AA84BF0BBF4D /* PSAttributedDrawer.m in Sources */,
				24324C8AE2219B09F4DF8D6B /* PSNotificationFollowCell.m in Sources */,
				2432473C5CD32306F3942105 /* main.js in Sources */,
			);
			runOnlyForDeploymentPostprocessing = 0;
		};
		CAF68B831A581424001AA554 /* Sources */ = {
			isa = PBXSourcesBuildPhase;
			buildActionMask = 2147483647;
			files = (
				CAF658C71A587DA200464556 /* PSUserSpec.m in Sources */,
			);
			runOnlyForDeploymentPostprocessing = 0;
		};
/* End PBXSourcesBuildPhase section */

/* Begin PBXTargetDependency section */
		CAF68B8E1A581424001AA554 /* PBXTargetDependency */ = {
			isa = PBXTargetDependency;
			target = CAACD3EB192D422E006F05E6 /* PartySmash */;
			targetProxy = CAF68B8D1A581424001AA554 /* PBXContainerItemProxy */;
		};
/* End PBXTargetDependency section */

/* Begin PBXVariantGroup section */
		CA98865D1A50827D00D95645 /* VKLoginButton.png */ = {
			isa = PBXVariantGroup;
			children = (
				CA98865E1A50827D00D95645 /* en */,
				CA9886661A50827D00D95645 /* ru */,
			);
			name = VKLoginButton.png;
			sourceTree = "<group>";
		};
		CA98865F1A50827D00D95645 /* VKLoginButtonPressed.png */ = {
			isa = PBXVariantGroup;
			children = (
				CA9886601A50827D00D95645 /* en */,
				CA9886671A50827D00D95645 /* ru */,
			);
			name = VKLoginButtonPressed.png;
			sourceTree = "<group>";
		};
		CA9886691A50827D00D95645 /* Main.storyboard */ = {
			isa = PBXVariantGroup;
			children = (
				CA98866A1A50827D00D95645 /* Base */,
			);
			name = Main.storyboard;
			sourceTree = "<group>";
		};
		CA98866B1A50827D00D95645 /* InfoPlist.strings */ = {
			isa = PBXVariantGroup;
			children = (
				CA98866C1A50827D00D95645 /* en */,
				CA9886711A50827D00D95645 /* ru */,
			);
			name = InfoPlist.strings;
			sourceTree = "<group>";
		};
		CA98866D1A50827D00D95645 /* Localizable.strings */ = {
			isa = PBXVariantGroup;
			children = (
				CA98866E1A50827D00D95645 /* en */,
				CA9886721A50827D00D95645 /* ru */,
			);
			name = Localizable.strings;
			sourceTree = "<group>";
		};
		CA98866F1A50827D00D95645 /* Main.strings */ = {
			isa = PBXVariantGroup;
			children = (
				CA9886701A50827D00D95645 /* en */,
				CA9886731A50827D00D95645 /* ru */,
			);
			name = Main.strings;
			sourceTree = "<group>";
		};
/* End PBXVariantGroup section */

/* Begin XCBuildConfiguration section */
		CAACD41C192D422F006F05E6 /* Debug */ = {
			isa = XCBuildConfiguration;
			buildSettings = {
				ALWAYS_SEARCH_USER_PATHS = NO;
				CLANG_ALLOW_NON_MODULAR_INCLUDES_IN_FRAMEWORK_MODULES = NO;
				CLANG_CXX_LANGUAGE_STANDARD = "gnu++0x";
				CLANG_CXX_LIBRARY = "libc++";
				CLANG_ENABLE_MODULES = YES;
				CLANG_ENABLE_OBJC_ARC = YES;
				CLANG_WARN_BOOL_CONVERSION = YES;
				CLANG_WARN_CONSTANT_CONVERSION = YES;
				CLANG_WARN_DIRECT_OBJC_ISA_USAGE = YES_ERROR;
				CLANG_WARN_EMPTY_BODY = YES;
				CLANG_WARN_ENUM_CONVERSION = YES;
				CLANG_WARN_INT_CONVERSION = YES;
				CLANG_WARN_OBJC_ROOT_CLASS = YES_ERROR;
				CLANG_WARN__DUPLICATE_METHOD_MATCH = YES;
				CODE_SIGN_IDENTITY = "PartySmash Push Development Profile";
				"CODE_SIGN_IDENTITY[sdk=*]" = "iPhone Developer";
				COPY_PHASE_STRIP = NO;
				GCC_C_LANGUAGE_STANDARD = gnu99;
				GCC_DYNAMIC_NO_PIC = NO;
				GCC_OPTIMIZATION_LEVEL = 0;
				GCC_PREPROCESSOR_DEFINITIONS = (
					"DEBUG=1",
					"$(inherited)",
				);
				GCC_SYMBOLS_PRIVATE_EXTERN = NO;
				GCC_WARN_64_TO_32_BIT_CONVERSION = YES;
				GCC_WARN_ABOUT_RETURN_TYPE = YES_ERROR;
				GCC_WARN_UNDECLARED_SELECTOR = YES;
				GCC_WARN_UNINITIALIZED_AUTOS = YES_AGGRESSIVE;
				GCC_WARN_UNUSED_FUNCTION = YES;
				GCC_WARN_UNUSED_VARIABLE = YES;
				IPHONEOS_DEPLOYMENT_TARGET = 8.0;
				ONLY_ACTIVE_ARCH = YES;
				OTHER_LDFLAGS = "-ObjC";
				SDKROOT = iphoneos;
			};
			name = Debug;
		};
		CAACD41D192D422F006F05E6 /* Release */ = {
			isa = XCBuildConfiguration;
			buildSettings = {
				ALWAYS_SEARCH_USER_PATHS = NO;
				CLANG_ALLOW_NON_MODULAR_INCLUDES_IN_FRAMEWORK_MODULES = NO;
				CLANG_CXX_LANGUAGE_STANDARD = "gnu++0x";
				CLANG_CXX_LIBRARY = "libc++";
				CLANG_ENABLE_MODULES = YES;
				CLANG_ENABLE_OBJC_ARC = YES;
				CLANG_WARN_BOOL_CONVERSION = YES;
				CLANG_WARN_CONSTANT_CONVERSION = YES;
				CLANG_WARN_DIRECT_OBJC_ISA_USAGE = YES_ERROR;
				CLANG_WARN_EMPTY_BODY = YES;
				CLANG_WARN_ENUM_CONVERSION = YES;
				CLANG_WARN_INT_CONVERSION = YES;
				CLANG_WARN_OBJC_ROOT_CLASS = YES_ERROR;
				CLANG_WARN__DUPLICATE_METHOD_MATCH = YES;
				CODE_SIGN_IDENTITY = "PartySmash Push Distribution Profile";
				"CODE_SIGN_IDENTITY[sdk=iphoneos*]" = "PartySmash Push Distribution Profile";
				COPY_PHASE_STRIP = YES;
				ENABLE_NS_ASSERTIONS = NO;
				GCC_C_LANGUAGE_STANDARD = gnu99;
				GCC_WARN_64_TO_32_BIT_CONVERSION = YES;
				GCC_WARN_ABOUT_RETURN_TYPE = YES_ERROR;
				GCC_WARN_UNDECLARED_SELECTOR = YES;
				GCC_WARN_UNINITIALIZED_AUTOS = YES_AGGRESSIVE;
				GCC_WARN_UNUSED_FUNCTION = YES;
				GCC_WARN_UNUSED_VARIABLE = YES;
				IPHONEOS_DEPLOYMENT_TARGET = 8.0;
				"OTHER_LDFLAGS[arch=*]" = (
					"-ObjC",
					"-force_load",
					/Frameworks/libAdIdAccess.a,
				);
				SDKROOT = iphoneos;
				VALIDATE_PRODUCT = YES;
			};
			name = Release;
		};
		CAACD41F192D422F006F05E6 /* Debug */ = {
			isa = XCBuildConfiguration;
			baseConfigurationReference = 5014C848B2D547E5F1021B5A /* Pods.debug.xcconfig */;
			buildSettings = {
				ASSETCATALOG_COMPILER_APPICON_NAME = AppIcon;
				ASSETCATALOG_COMPILER_LAUNCHIMAGE_NAME = LaunchImage;
				CLANG_ALLOW_NON_MODULAR_INCLUDES_IN_FRAMEWORK_MODULES = NO;
				CLANG_ENABLE_MODULES = YES;
				CODE_SIGN_IDENTITY = "iPhone Developer";
				"CODE_SIGN_IDENTITY[sdk=iphoneos*]" = "iPhone Developer";
				FRAMEWORK_SEARCH_PATHS = (
					"$(inherited)",
					"$(PROJECT_DIR)",
					"$(PROJECT_DIR)/PartySmash/Frameworks",
				);
				GCC_PRECOMPILE_PREFIX_HEADER = YES;
				GCC_PREFIX_HEADER = "PartySmash/Supporting Files/PartySmash-Prefix.pch";
				INFOPLIST_FILE = "$(SRCROOT)/PartySmash/Supporting Files/PartySmash-Info.plist";
				IPHONEOS_DEPLOYMENT_TARGET = 7.1;
				LD_RUNPATH_SEARCH_PATHS = "$(inherited) @executable_path/Frameworks";
				LIBRARY_SEARCH_PATHS = (
					"$(inherited)",
					"$(PROJECT_DIR)",
					"$(PROJECT_DIR)/PartySmash/Frameworks",
				);
				PRODUCT_NAME = "$(TARGET_NAME)Dev";
				PROVISIONING_PROFILE = "";
				SWIFT_OBJC_BRIDGING_HEADER = "$(SRCROOT)/PartySmash/Supporting Files/PartySmash-Bridging-Header.h";
				SWIFT_OPTIMIZATION_LEVEL = "-Onone";
				USER_HEADER_SEARCH_PATHS = "\"${PROJECT_DIR}/Pods\"/** \"${PROJECT_DIR}/Pods\"/**";
				WRAPPER_EXTENSION = app;
			};
			name = Debug;
		};
		CAACD420192D422F006F05E6 /* Release */ = {
			isa = XCBuildConfiguration;
			baseConfigurationReference = FE1D6CFF8C0E93B59A2909DD /* Pods.release.xcconfig */;
			buildSettings = {
				ASSETCATALOG_COMPILER_APPICON_NAME = AppIcon;
				ASSETCATALOG_COMPILER_LAUNCHIMAGE_NAME = LaunchImage;
				CLANG_ALLOW_NON_MODULAR_INCLUDES_IN_FRAMEWORK_MODULES = NO;
				CLANG_ENABLE_MODULES = YES;
				CODE_SIGN_IDENTITY = "iPhone Developer";
				"CODE_SIGN_IDENTITY[sdk=iphoneos*]" = "iPhone Developer";
				FRAMEWORK_SEARCH_PATHS = (
					"$(inherited)",
					"$(PROJECT_DIR)",
					"$(PROJECT_DIR)/PartySmash/Frameworks",
				);
				GCC_PRECOMPILE_PREFIX_HEADER = YES;
				GCC_PREFIX_HEADER = "PartySmash/Supporting Files/PartySmash-Prefix.pch";
				INFOPLIST_FILE = "$(SRCROOT)/PartySmash/Supporting Files/PartySmash-Info.plist";
				IPHONEOS_DEPLOYMENT_TARGET = 7.1;
				LD_RUNPATH_SEARCH_PATHS = "$(inherited) @executable_path/Frameworks";
				LIBRARY_SEARCH_PATHS = (
					"$(inherited)",
					"$(PROJECT_DIR)",
					"$(PROJECT_DIR)/PartySmash/Frameworks",
				);
				PRODUCT_NAME = "$(TARGET_NAME)";
				PROVISIONING_PROFILE = "";
				SWIFT_OBJC_BRIDGING_HEADER = "$(SRCROOT)/PartySmash/Supporting Files/PartySmash-Bridging-Header.h";
				USER_HEADER_SEARCH_PATHS = "\"${PROJECT_DIR}/Pods\"/** \"${PROJECT_DIR}/Pods\"/**";
				WRAPPER_EXTENSION = app;
			};
			name = Release;
		};
		CAF68B901A581424001AA554 /* Debug */ = {
			isa = XCBuildConfiguration;
			baseConfigurationReference = 63B1EB20DD569A4AF54B4C82 /* Pods-PartySmash Tests.debug.xcconfig */;
			buildSettings = {
				BUNDLE_LOADER = "$(TEST_HOST)";
				CLANG_WARN_UNREACHABLE_CODE = YES;
				ENABLE_STRICT_OBJC_MSGSEND = YES;
				FRAMEWORK_SEARCH_PATHS = (
					"$(SDKROOT)/Developer/Library/Frameworks",
					"$(inherited)",
					"$(PROJECT_DIR)",
				);
				GCC_PREPROCESSOR_DEFINITIONS = (
					"DEBUG=1",
					"$(inherited)",
				);
				INFOPLIST_FILE = "PartySmash Tests/Info.plist";
				IPHONEOS_DEPLOYMENT_TARGET = 8.1;
				LD_RUNPATH_SEARCH_PATHS = "$(inherited) @executable_path/Frameworks @loader_path/Frameworks";
				MTL_ENABLE_DEBUG_INFO = YES;
				OTHER_LDFLAGS = (
					"-ObjC",
					"-l\"Pods-PartySmash Tests-Bolts\"",
					"-l\"Pods-PartySmash Tests-Expecta\"",
					"-l\"Pods-PartySmash Tests-Facebook-iOS-SDK\"",
					"-l\"Pods-PartySmash Tests-Instabug\"",
					"-l\"Pods-PartySmash Tests-MBProgressHUD\"",
					"-l\"Pods-PartySmash Tests-OCHamcrest\"",
					"-l\"Pods-PartySmash Tests-OCMockito\"",
					"-l\"Pods-PartySmash Tests-Specta\"",
					"-l\"Pods-PartySmash Tests-VK-ios-sdk\"",
					"-l\"c++\"",
					"-framework",
					"\"AudioToolbox\"",
					"-framework",
					"\"CoreGraphics\"",
					"-framework",
					"\"CoreMotion\"",
					"-framework",
					"\"CoreTelephony\"",
					"-framework",
					"\"Foundation\"",
					"-framework",
					"\"GLKit\"",
					"-framework",
					"\"Instabug\"",
					"-framework",
					"\"MessageUI\"",
					"-framework",
					"\"OpenGLES\"",
					"-framework",
					"\"QuartzCore\"",
					"-framework",
					"\"SystemConfiguration\"",
					"-framework",
					"\"UIKit\"",
					"-framework",
					"\"XCTest\"",
					"-weak_framework",
					"\"Accounts\"",
					"-weak_framework",
					"\"AudioToolbox\"",
					"-weak_framework",
					"\"CoreGraphics\"",
					"-weak_framework",
					"\"CoreLocation\"",
					"-weak_framework",
					"\"Foundation\"",
					"-weak_framework",
					"\"QuartzCore\"",
					"-weak_framework",
					"\"Security\"",
					"-weak_framework",
					"\"Social\"",
					"-weak_framework",
					"\"UIKit\"",
				);
				PRODUCT_NAME = "$(TARGET_NAME)";
				SWIFT_OPTIMIZATION_LEVEL = "-Onone";
				TEST_HOST = "$(BUILT_PRODUCTS_DIR)/PartySmashDev.app/PartySmashDev";
			};
			name = Debug;
		};
		CAF68B911A581424001AA554 /* Release */ = {
			isa = XCBuildConfiguration;
			baseConfigurationReference = 0C9CA22B211CD0449E26D903 /* Pods-PartySmash Tests.release.xcconfig */;
			buildSettings = {
				BUNDLE_LOADER = "$(TEST_HOST)";
				CLANG_WARN_UNREACHABLE_CODE = YES;
				ENABLE_STRICT_OBJC_MSGSEND = YES;
				FRAMEWORK_SEARCH_PATHS = (
					"$(SDKROOT)/Developer/Library/Frameworks",
					"$(inherited)",
					"$(PROJECT_DIR)",
				);
				INFOPLIST_FILE = "PartySmash Tests/Info.plist";
				IPHONEOS_DEPLOYMENT_TARGET = 8.1;
				LD_RUNPATH_SEARCH_PATHS = "$(inherited) @executable_path/Frameworks @loader_path/Frameworks";
				MTL_ENABLE_DEBUG_INFO = NO;
				PRODUCT_NAME = "$(TARGET_NAME)";
				TEST_HOST = "$(BUILT_PRODUCTS_DIR)/PartySmashDev.app/PartySmashDev";
			};
			name = Release;
		};
/* End XCBuildConfiguration section */

/* Begin XCConfigurationList section */
		CAACD3E7192D422E006F05E6 /* Build configuration list for PBXProject "PartySmash" */ = {
			isa = XCConfigurationList;
			buildConfigurations = (
				CAACD41C192D422F006F05E6 /* Debug */,
				CAACD41D192D422F006F05E6 /* Release */,
			);
			defaultConfigurationIsVisible = 0;
			defaultConfigurationName = Release;
		};
		CAACD41E192D422F006F05E6 /* Build configuration list for PBXNativeTarget "PartySmash" */ = {
			isa = XCConfigurationList;
			buildConfigurations = (
				CAACD41F192D422F006F05E6 /* Debug */,
				CAACD420192D422F006F05E6 /* Release */,
			);
			defaultConfigurationIsVisible = 0;
			defaultConfigurationName = Release;
		};
		CAF68B8F1A581424001AA554 /* Build configuration list for PBXNativeTarget "PartySmash Tests" */ = {
			isa = XCConfigurationList;
			buildConfigurations = (
				CAF68B901A581424001AA554 /* Debug */,
				CAF68B911A581424001AA554 /* Release */,
			);
			defaultConfigurationIsVisible = 0;
			defaultConfigurationName = Release;
		};
/* End XCConfigurationList section */
	};
	rootObject = CAACD3E4192D422E006F05E6 /* Project object */;
}
